// !$*UTF8*$!
{
	archiveVersion = 1;
	classes = {
	};
	objectVersion = 47;
	objects = {

/* Begin PBXBuildFile section */
		3C254FD524BFB5EA00E5137E /* libbass.dylib in Frameworks */ = {isa = PBXBuildFile; fileRef = 3C254FD324BFB5EA00E5137E /* libbass.dylib */; };
		3C254FDB24BFB61100E5137E /* libbass.dylib in Embed Libraries */ = {isa = PBXBuildFile; fileRef = 3C254FD324BFB5EA00E5137E /* libbass.dylib */; settings = {ATTRIBUTES = (CodeSignOnCopy, ); }; };
		3C50555826F0F7A60084D37F /* libbassmix.dylib in Frameworks */ = {isa = PBXBuildFile; fileRef = 3C50555626F0F7740084D37F /* libbassmix.dylib */; };
		3C50555B26F0F7E90084D37F /* AppDelegate.m in Sources */ = {isa = PBXBuildFile; fileRef = 3C50554126F0F74E0084D37F /* AppDelegate.m */; };
		3C50555C26F0F7EB0084D37F /* main.m in Sources */ = {isa = PBXBuildFile; fileRef = 3C50554026F0F74E0084D37F /* main.m */; };
		3C50555D26F0F7ED0084D37F /* ViewController.m in Sources */ = {isa = PBXBuildFile; fileRef = 3C50553D26F0F74E0084D37F /* ViewController.m */; };
		3C50556D26F0F8380084D37F /* Main.storyboard in Resources */ = {isa = PBXBuildFile; fileRef = 3C50553E26F0F74E0084D37F /* Main.storyboard */; };
		3C50556E26F0F8440084D37F /* libbassmix.dylib in Embed Libraries */ = {isa = PBXBuildFile; fileRef = 3C50555626F0F7740084D37F /* libbassmix.dylib */; settings = {ATTRIBUTES = (CodeSignOnCopy, ); }; };
		3C50582F26F296D00084D37F /* libbassmix.dylib in Frameworks */ = {isa = PBXBuildFile; fileRef = 3C50555626F0F7740084D37F /* libbassmix.dylib */; };
		3C50583026F296D00084D37F /* libbass.dylib in Frameworks */ = {isa = PBXBuildFile; fileRef = 3C254FD324BFB5EA00E5137E /* libbass.dylib */; };
		3C50583426F296D00084D37F /* libbass.dylib in Embed Libraries */ = {isa = PBXBuildFile; fileRef = 3C254FD324BFB5EA00E5137E /* libbass.dylib */; settings = {ATTRIBUTES = (CodeSignOnCopy, ); }; };
		3C50583526F296D00084D37F /* libbassmix.dylib in Embed Libraries */ = {isa = PBXBuildFile; fileRef = 3C50555626F0F7740084D37F /* libbassmix.dylib */; settings = {ATTRIBUTES = (CodeSignOnCopy, ); }; };
		3C50584A26F296FD0084D37F /* ViewController.m in Sources */ = {isa = PBXBuildFile; fileRef = 3C50584326F296FD0084D37F /* ViewController.m */; };
		3C50584B26F296FD0084D37F /* Main.storyboard in Resources */ = {isa = PBXBuildFile; fileRef = 3C50584426F296FD0084D37F /* Main.storyboard */; };
		3C50584C26F296FD0084D37F /* main.m in Sources */ = {isa = PBXBuildFile; fileRef = 3C50584626F296FD0084D37F /* main.m */; };
		3C50584D26F296FD0084D37F /* AppDelegate.m in Sources */ = {isa = PBXBuildFile; fileRef = 3C50584726F296FD0084D37F /* AppDelegate.m */; };
/* End PBXBuildFile section */

/* Begin PBXCopyFilesBuildPhase section */
		3C254FDD24BFB61100E5137E /* Embed Libraries */ = {
			isa = PBXCopyFilesBuildPhase;
			buildActionMask = 2147483647;
			dstPath = "";
			dstSubfolderSpec = 10;
			files = (
				3C254FDB24BFB61100E5137E /* libbass.dylib in Embed Libraries */,
				3C50556E26F0F8440084D37F /* libbassmix.dylib in Embed Libraries */,
			);
			name = "Embed Libraries";
			runOnlyForDeploymentPostprocessing = 0;
		};
		3C50583326F296D00084D37F /* Embed Libraries */ = {
			isa = PBXCopyFilesBuildPhase;
			buildActionMask = 2147483647;
			dstPath = "";
			dstSubfolderSpec = 10;
			files = (
				3C50583426F296D00084D37F /* libbass.dylib in Embed Libraries */,
				3C50583526F296D00084D37F /* libbassmix.dylib in Embed Libraries */,
			);
			name = "Embed Libraries";
			runOnlyForDeploymentPostprocessing = 0;
		};
/* End PBXCopyFilesBuildPhase section */

/* Begin PBXFileReference section */
		3C254F6924BFA2F400E5137E /* speakers.app */ = {isa = PBXFileReference; explicitFileType = wrapper.application; includeInIndex = 0; path = speakers.app; sourceTree = BUILT_PRODUCTS_DIR; };
		3C254FD324BFB5EA00E5137E /* libbass.dylib */ = {isa = PBXFileReference; lastKnownFileType = "compiled.mach-o.dylib"; path = libbass.dylib; sourceTree = "<group>"; };
		3C50553C26F0F74E0084D37F /* AppDelegate.h */ = {isa = PBXFileReference; lastKnownFileType = sourcecode.c.h; path = AppDelegate.h; sourceTree = "<group>"; };
		3C50553D26F0F74E0084D37F /* ViewController.m */ = {isa = PBXFileReference; lastKnownFileType = sourcecode.c.objc; path = ViewController.m; sourceTree = "<group>"; };
		3C50553F26F0F74E0084D37F /* Base */ = {isa = PBXFileReference; lastKnownFileType = file.storyboard; name = Base; path = Base.lproj/Main.storyboard; sourceTree = "<group>"; };
		3C50554026F0F74E0084D37F /* main.m */ = {isa = PBXFileReference; lastKnownFileType = sourcecode.c.objc; path = main.m; sourceTree = "<group>"; };
		3C50554126F0F74E0084D37F /* AppDelegate.m */ = {isa = PBXFileReference; lastKnownFileType = sourcecode.c.objc; path = AppDelegate.m; sourceTree = "<group>"; };
		3C50554226F0F74E0084D37F /* Info.plist */ = {isa = PBXFileReference; lastKnownFileType = text.plist.xml; path = Info.plist; sourceTree = "<group>"; };
		3C50554326F0F74E0084D37F /* ViewController.h */ = {isa = PBXFileReference; lastKnownFileType = sourcecode.c.h; path = ViewController.h; sourceTree = "<group>"; };
		3C50555626F0F7740084D37F /* libbassmix.dylib */ = {isa = PBXFileReference; lastKnownFileType = "compiled.mach-o.dylib"; path = libbassmix.dylib; sourceTree = "<group>"; };
		3C50583926F296D00084D37F /* multi.app */ = {isa = PBXFileReference; explicitFileType = wrapper.application; includeInIndex = 0; path = multi.app; sourceTree = BUILT_PRODUCTS_DIR; };
		3C50584226F296FD0084D37F /* AppDelegate.h */ = {isa = PBXFileReference; fileEncoding = 4; lastKnownFileType = sourcecode.c.h; path = AppDelegate.h; sourceTree = "<group>"; };
		3C50584326F296FD0084D37F /* ViewController.m */ = {isa = PBXFileReference; fileEncoding = 4; lastKnownFileType = sourcecode.c.objc; path = ViewController.m; sourceTree = "<group>"; };
		3C50584526F296FD0084D37F /* Base */ = {isa = PBXFileReference; lastKnownFileType = file.storyboard; name = Base; path = Base.lproj/Main.storyboard; sourceTree = "<group>"; };
		3C50584626F296FD0084D37F /* main.m */ = {isa = PBXFileReference; fileEncoding = 4; lastKnownFileType = sourcecode.c.objc; path = main.m; sourceTree = "<group>"; };
		3C50584726F296FD0084D37F /* AppDelegate.m */ = {isa = PBXFileReference; fileEncoding = 4; lastKnownFileType = sourcecode.c.objc; path = AppDelegate.m; sourceTree = "<group>"; };
		3C50584826F296FD0084D37F /* Info.plist */ = {isa = PBXFileReference; fileEncoding = 4; lastKnownFileType = text.plist.xml; path = Info.plist; sourceTree = "<group>"; };
		3C50584926F296FD0084D37F /* ViewController.h */ = {isa = PBXFileReference; fileEncoding = 4; lastKnownFileType = sourcecode.c.h; path = ViewController.h; sourceTree = "<group>"; };
/* End PBXFileReference section */

/* Begin PBXFrameworksBuildPhase section */
		3C254F6624BFA2F400E5137E /* Frameworks */ = {
			isa = PBXFrameworksBuildPhase;
			buildActionMask = 2147483647;
			files = (
				3C50555826F0F7A60084D37F /* libbassmix.dylib in Frameworks */,
				3C254FD524BFB5EA00E5137E /* libbass.dylib in Frameworks */,
			);
			runOnlyForDeploymentPostprocessing = 0;
		};
		3C50582E26F296D00084D37F /* Frameworks */ = {
			isa = PBXFrameworksBuildPhase;
			buildActionMask = 2147483647;
			files = (
				3C50582F26F296D00084D37F /* libbassmix.dylib in Frameworks */,
				3C50583026F296D00084D37F /* libbass.dylib in Frameworks */,
			);
			runOnlyForDeploymentPostprocessing = 0;
		};
/* End PBXFrameworksBuildPhase section */

/* Begin PBXGroup section */
		3C254F5224BFA2AC00E5137E = {
			isa = PBXGroup;
			children = (
				3C50584126F296FD0084D37F /* multi */,
				3C50553B26F0F74E0084D37F /* speakers */,
				3C254F5C24BFA2AC00E5137E /* Products */,
				3C254FCE24BFB5BE00E5137E /* Frameworks */,
			);
			sourceTree = "<group>";
		};
		3C254F5C24BFA2AC00E5137E /* Products */ = {
			isa = PBXGroup;
			children = (
				3C254F6924BFA2F400E5137E /* speakers.app */,
				3C50583926F296D00084D37F /* multi.app */,
			);
			name = Products;
			sourceTree = "<group>";
		};
		3C254FCE24BFB5BE00E5137E /* Frameworks */ = {
			isa = PBXGroup;
			children = (
				3C50555626F0F7740084D37F /* libbassmix.dylib */,
				3C254FD324BFB5EA00E5137E /* libbass.dylib */,
			);
			name = Frameworks;
			sourceTree = "<group>";
		};
		3C50553B26F0F74E0084D37F /* speakers */ = {
			isa = PBXGroup;
			children = (
				3C50553C26F0F74E0084D37F /* AppDelegate.h */,
				3C50554126F0F74E0084D37F /* AppDelegate.m */,
				3C50554226F0F74E0084D37F /* Info.plist */,
				3C50554026F0F74E0084D37F /* main.m */,
				3C50553E26F0F74E0084D37F /* Main.storyboard */,
				3C50554326F0F74E0084D37F /* ViewController.h */,
				3C50553D26F0F74E0084D37F /* ViewController.m */,
			);
			path = speakers;
			sourceTree = "<group>";
		};
		3C50584126F296FD0084D37F /* multi */ = {
			isa = PBXGroup;
			children = (
				3C50584226F296FD0084D37F /* AppDelegate.h */,
				3C50584326F296FD0084D37F /* ViewController.m */,
				3C50584426F296FD0084D37F /* Main.storyboard */,
				3C50584626F296FD0084D37F /* main.m */,
				3C50584726F296FD0084D37F /* AppDelegate.m */,
				3C50584826F296FD0084D37F /* Info.plist */,
				3C50584926F296FD0084D37F /* ViewController.h */,
			);
			path = multi;
			sourceTree = "<group>";
		};
/* End PBXGroup section */

/* Begin PBXNativeTarget section */
		3C254F6824BFA2F400E5137E /* speakers */ = {
			isa = PBXNativeTarget;
			buildConfigurationList = 3C254F7A24BFA2F500E5137E /* Build configuration list for PBXNativeTarget "speakers" */;
			buildPhases = (
				3C254F6524BFA2F400E5137E /* Sources */,
				3C254F6624BFA2F400E5137E /* Frameworks */,
				3C254F6724BFA2F400E5137E /* Resources */,
				3C254FDD24BFB61100E5137E /* Embed Libraries */,
			);
			buildRules = (
			);
			dependencies = (
			);
			name = speakers;
			productName = speakers;
			productReference = 3C254F6924BFA2F400E5137E /* speakers.app */;
			productType = "com.apple.product-type.application";
		};
		3C50582926F296D00084D37F /* multi */ = {
			isa = PBXNativeTarget;
			buildConfigurationList = 3C50583626F296D00084D37F /* Build configuration list for PBXNativeTarget "multi" */;
			buildPhases = (
				3C50582A26F296D00084D37F /* Sources */,
				3C50582E26F296D00084D37F /* Frameworks */,
				3C50583126F296D00084D37F /* Resources */,
				3C50583326F296D00084D37F /* Embed Libraries */,
			);
			buildRules = (
			);
			dependencies = (
			);
			name = multi;
			productName = speakers;
			productReference = 3C50583926F296D00084D37F /* multi.app */;
			productType = "com.apple.product-type.application";
		};
/* End PBXNativeTarget section */

/* Begin PBXProject section */
		3C254F5324BFA2AC00E5137E /* Project object */ = {
			isa = PBXProject;
			attributes = {
				LastUpgradeCheck = 0940;
				TargetAttributes = {
					3C254F6824BFA2F400E5137E = {
						CreatedOnToolsVersion = 9.4.1;
						ProvisioningStyle = Automatic;
					};
					3C50582926F296D00084D37F = {
						ProvisioningStyle = Automatic;
					};
				};
			};
			buildConfigurationList = 3C254F5624BFA2AC00E5137E /* Build configuration list for PBXProject "bassmix" */;
			compatibilityVersion = "Xcode 6.3";
			developmentRegion = en;
			hasScannedForEncodings = 0;
			knownRegions = (
				en,
				Base,
			);
			mainGroup = 3C254F5224BFA2AC00E5137E;
			productRefGroup = 3C254F5C24BFA2AC00E5137E /* Products */;
			projectDirPath = "";
			projectRoot = "";
			targets = (
				3C50582926F296D00084D37F /* multi */,
				3C254F6824BFA2F400E5137E /* speakers */,
			);
		};
/* End PBXProject section */

/* Begin PBXResourcesBuildPhase section */
		3C254F6724BFA2F400E5137E /* Resources */ = {
			isa = PBXResourcesBuildPhase;
			buildActionMask = 2147483647;
			files = (
				3C50556D26F0F8380084D37F /* Main.storyboard in Resources */,
			);
			runOnlyForDeploymentPostprocessing = 0;
		};
		3C50583126F296D00084D37F /* Resources */ = {
			isa = PBXResourcesBuildPhase;
			buildActionMask = 2147483647;
			files = (
				3C50584B26F296FD0084D37F /* Main.storyboard in Resources */,
			);
			runOnlyForDeploymentPostprocessing = 0;
		};
/* End PBXResourcesBuildPhase section */

/* Begin PBXSourcesBuildPhase section */
		3C254F6524BFA2F400E5137E /* Sources */ = {
			isa = PBXSourcesBuildPhase;
			buildActionMask = 2147483647;
			files = (
				3C50555B26F0F7E90084D37F /* AppDelegate.m in Sources */,
				3C50555C26F0F7EB0084D37F /* main.m in Sources */,
				3C50555D26F0F7ED0084D37F /* ViewController.m in Sources */,
			);
			runOnlyForDeploymentPostprocessing = 0;
		};
		3C50582A26F296D00084D37F /* Sources */ = {
			isa = PBXSourcesBuildPhase;
			buildActionMask = 2147483647;
			files = (
				3C50584C26F296FD0084D37F /* main.m in Sources */,
				3C50584A26F296FD0084D37F /* ViewController.m in Sources */,
				3C50584D26F296FD0084D37F /* AppDelegate.m in Sources */,
			);
			runOnlyForDeploymentPostprocessing = 0;
		};
/* End PBXSourcesBuildPhase section */

/* Begin PBXVariantGroup section */
		3C50553E26F0F74E0084D37F /* Main.storyboard */ = {
			isa = PBXVariantGroup;
			children = (
				3C50553F26F0F74E0084D37F /* Base */,
			);
			name = Main.storyboard;
			sourceTree = "<group>";
		};
		3C50584426F296FD0084D37F /* Main.storyboard */ = {
			isa = PBXVariantGroup;
			children = (
				3C50584526F296FD0084D37F /* Base */,
			);
			name = Main.storyboard;
			sourceTree = "<group>";
		};
/* End PBXVariantGroup section */

/* Begin XCBuildConfiguration section */
		3C254F6024BFA2AC00E5137E /* Debug */ = {
			isa = XCBuildConfiguration;
			buildSettings = {
				ALWAYS_SEARCH_USER_PATHS = NO;
				CLANG_ANALYZER_NONNULL = YES;
				CLANG_ANALYZER_NUMBER_OBJECT_CONVERSION = YES_AGGRESSIVE;
				CLANG_CXX_LANGUAGE_STANDARD = "gnu++14";
				CLANG_CXX_LIBRARY = "libc++";
				CLANG_ENABLE_MODULES = YES;
				CLANG_ENABLE_OBJC_ARC = YES;
				CLANG_ENABLE_OBJC_WEAK = YES;
				CLANG_WARN_BLOCK_CAPTURE_AUTORELEASING = YES;
				CLANG_WARN_BOOL_CONVERSION = YES;
				CLANG_WARN_COMMA = YES;
				CLANG_WARN_CONSTANT_CONVERSION = YES;
				CLANG_WARN_DEPRECATED_OBJC_IMPLEMENTATIONS = YES;
				CLANG_WARN_DIRECT_OBJC_ISA_USAGE = YES_ERROR;
				CLANG_WARN_DOCUMENTATION_COMMENTS = YES;
				CLANG_WARN_EMPTY_BODY = YES;
				CLANG_WARN_ENUM_CONVERSION = YES;
				CLANG_WARN_INFINITE_RECURSION = YES;
				CLANG_WARN_INT_CONVERSION = YES;
				CLANG_WARN_NON_LITERAL_NULL_CONVERSION = YES;
				CLANG_WARN_OBJC_IMPLICIT_RETAIN_SELF = YES;
				CLANG_WARN_OBJC_LITERAL_CONVERSION = YES;
				CLANG_WARN_OBJC_ROOT_CLASS = YES_ERROR;
				CLANG_WARN_RANGE_LOOP_ANALYSIS = YES;
				CLANG_WARN_STRICT_PROTOTYPES = YES;
				CLANG_WARN_SUSPICIOUS_MOVE = YES;
				CLANG_WARN_UNGUARDED_AVAILABILITY = YES_AGGRESSIVE;
				CLANG_WARN_UNREACHABLE_CODE = YES;
				CLANG_WARN__DUPLICATE_METHOD_MATCH = YES;
				CODE_SIGN_IDENTITY = "-";
				COMBINE_HIDPI_IMAGES = YES;
				COPY_PHASE_STRIP = NO;
				DEBUG_INFORMATION_FORMAT = dwarf;
				ENABLE_STRICT_OBJC_MSGSEND = YES;
				ENABLE_TESTABILITY = YES;
				GCC_C_LANGUAGE_STANDARD = gnu11;
				GCC_DYNAMIC_NO_PIC = NO;
				GCC_NO_COMMON_BLOCKS = YES;
				GCC_OPTIMIZATION_LEVEL = 0;
				GCC_PREPROCESSOR_DEFINITIONS = (
					"DEBUG=1",
					"$(inherited)",
				);
				GCC_WARN_64_TO_32_BIT_CONVERSION = YES;
				GCC_WARN_ABOUT_RETURN_TYPE = YES_ERROR;
				GCC_WARN_UNDECLARED_SELECTOR = YES;
				GCC_WARN_UNINITIALIZED_AUTOS = YES_AGGRESSIVE;
				GCC_WARN_UNUSED_FUNCTION = YES;
				GCC_WARN_UNUSED_VARIABLE = YES;
				HEADER_SEARCH_PATHS = .;
				LIBRARY_SEARCH_PATHS = "$(PROJECT_DIR)";
				ONLY_ACTIVE_ARCH = YES;
				SDKROOT = macosx;
			};
			name = Debug;
		};
		3C254F6124BFA2AC00E5137E /* Release */ = {
			isa = XCBuildConfiguration;
			buildSettings = {
				ALWAYS_SEARCH_USER_PATHS = NO;
				CLANG_ANALYZER_NONNULL = YES;
				CLANG_ANALYZER_NUMBER_OBJECT_CONVERSION = YES_AGGRESSIVE;
				CLANG_CXX_LANGUAGE_STANDARD = "gnu++14";
				CLANG_CXX_LIBRARY = "libc++";
				CLANG_ENABLE_MODULES = YES;
				CLANG_ENABLE_OBJC_ARC = YES;
				CLANG_ENABLE_OBJC_WEAK = YES;
				CLANG_WARN_BLOCK_CAPTURE_AUTORELEASING = YES;
				CLANG_WARN_BOOL_CONVERSION = YES;
				CLANG_WARN_COMMA = YES;
				CLANG_WARN_CONSTANT_CONVERSION = YES;
				CLANG_WARN_DEPRECATED_OBJC_IMPLEMENTATIONS = YES;
				CLANG_WARN_DIRECT_OBJC_ISA_USAGE = YES_ERROR;
				CLANG_WARN_DOCUMENTATION_COMMENTS = YES;
				CLANG_WARN_EMPTY_BODY = YES;
				CLANG_WARN_ENUM_CONVERSION = YES;
				CLANG_WARN_INFINITE_RECURSION = YES;
				CLANG_WARN_INT_CONVERSION = YES;
				CLANG_WARN_NON_LITERAL_NULL_CONVERSION = YES;
				CLANG_WARN_OBJC_IMPLICIT_RETAIN_SELF = YES;
				CLANG_WARN_OBJC_LITERAL_CONVERSION = YES;
				CLANG_WARN_OBJC_ROOT_CLASS = YES_ERROR;
				CLANG_WARN_RANGE_LOOP_ANALYSIS = YES;
				CLANG_WARN_STRICT_PROTOTYPES = YES;
				CLANG_WARN_SUSPICIOUS_MOVE = YES;
				CLANG_WARN_UNGUARDED_AVAILABILITY = YES_AGGRESSIVE;
				CLANG_WARN_UNREACHABLE_CODE = YES;
				CLANG_WARN__DUPLICATE_METHOD_MATCH = YES;
				CODE_SIGN_IDENTITY = "-";
				COMBINE_HIDPI_IMAGES = YES;
				COPY_PHASE_STRIP = NO;
				DEBUG_INFORMATION_FORMAT = "dwarf-with-dsym";
				ENABLE_NS_ASSERTIONS = NO;
				ENABLE_STRICT_OBJC_MSGSEND = YES;
				GCC_C_LANGUAGE_STANDARD = gnu11;
				GCC_NO_COMMON_BLOCKS = YES;
				GCC_WARN_64_TO_32_BIT_CONVERSION = YES;
				GCC_WARN_ABOUT_RETURN_TYPE = YES_ERROR;
				GCC_WARN_UNDECLARED_SELECTOR = YES;
				GCC_WARN_UNINITIALIZED_AUTOS = YES_AGGRESSIVE;
				GCC_WARN_UNUSED_FUNCTION = YES;
				GCC_WARN_UNUSED_VARIABLE = YES;
				HEADER_SEARCH_PATHS = .;
				LIBRARY_SEARCH_PATHS = "$(PROJECT_DIR)";
				SDKROOT = macosx;
			};
			name = Release;
		};
		3C254F7B24BFA2F500E5137E /* Debug */ = {
			isa = XCBuildConfiguration;
			buildSettings = {
				INFOPLIST_FILE = speakers/Info.plist;
				LD_RUNPATH_SEARCH_PATHS = "$(inherited) @executable_path/../Frameworks";
				MACOSX_DEPLOYMENT_TARGET = 10.11;
				PRODUCT_BUNDLE_IDENTIFIER = com.yourcompany.speakers;
				PRODUCT_NAME = "$(TARGET_NAME)";
			};
			name = Debug;
		};
		3C254F7C24BFA2F500E5137E /* Release */ = {
			isa = XCBuildConfiguration;
			buildSettings = {
				INFOPLIST_FILE = speakers/Info.plist;
				LD_RUNPATH_SEARCH_PATHS = "$(inherited) @executable_path/../Frameworks";
				MACOSX_DEPLOYMENT_TARGET = 10.11;
				PRODUCT_BUNDLE_IDENTIFIER = com.yourcompany.speakers;
				PRODUCT_NAME = "$(TARGET_NAME)";
			};
			name = Release;
		};
		3C50583726F296D00084D37F /* Debug */ = {
			isa = XCBuildConfiguration;
			buildSettings = {
				INFOPLIST_FILE = multi/Info.plist;
				LD_RUNPATH_SEARCH_PATHS = "$(inherited) @executable_path/../Frameworks";
				MACOSX_DEPLOYMENT_TARGET = 10.11;
				PRODUCT_BUNDLE_IDENTIFIER = com.yourcompany.multi;
				PRODUCT_NAME = "$(TARGET_NAME)";
			};
			name = Debug;
		};
		3C50583826F296D00084D37F /* Release */ = {
			isa = XCBuildConfiguration;
			buildSettings = {
				INFOPLIST_FILE = multi/Info.plist;
				LD_RUNPATH_SEARCH_PATHS = "$(inherited) @executable_path/../Frameworks";
				MACOSX_DEPLOYMENT_TARGET = 10.11;
				PRODUCT_BUNDLE_IDENTIFIER = com.yourcompany.multi;
				PRODUCT_NAME = "$(TARGET_NAME)";
			};
			name = Release;
		};
/* End XCBuildConfiguration section */

/* Begin XCConfigurationList section */
		3C254F5624BFA2AC00E5137E /* Build configuration list for PBXProject "bassmix" */ = {
			isa = XCConfigurationList;
			buildConfigurations = (
				3C254F6024BFA2AC00E5137E /* Debug */,
				3C254F6124BFA2AC00E5137E /* Release */,
			);
			defaultConfigurationIsVisible = 0;
			defaultConfigurationName = Release;
		};
		3C254F7A24BFA2F500E5137E /* Build configuration list for PBXNativeTarget "speakers" */ = {
			isa = XCConfigurationList;
			buildConfigurations = (
				3C254F7B24BFA2F500E5137E /* Debug */,
				3C254F7C24BFA2F500E5137E /* Release */,
			);
			defaultConfigurationIsVisible = 0;
			defaultConfigurationName = Release;
		};
		3C50583626F296D00084D37F /* Build configuration list for PBXNativeTarget "multi" */ = {
			isa = XCConfigurationList;
			buildConfigurations = (
				3C50583726F296D00084D37F /* Debug */,
				3C50583826F296D00084D37F /* Release */,
			);
			defaultConfigurationIsVisible = 0;
			defaultConfigurationName = Release;
		};
/* End XCConfigurationList section */
	};
	rootObject = 3C254F5324BFA2AC00E5137E /* Project object */;
}
