// !$*UTF8*$!
{
	archiveVersion = 1;
	classes = {
	};
	objectVersion = 47;
	objects = {

/* Begin PBXBuildFile section */
		3C27C2B2266C3D1B00CBBCA4 /* ViewController.m in Sources */ = {isa = PBXBuildFile; fileRef = 3C27C2AA266C3D1B00CBBCA4 /* ViewController.m */; };
		3C27C2B3266C3D1B00CBBCA4 /* Main.storyboard in Resources */ = {isa = PBXBuildFile; fileRef = 3C27C2AB266C3D1B00CBBCA4 /* Main.storyboard */; };
		3C27C2B5266C3D1B00CBBCA4 /* main.m in Sources */ = {isa = PBXBuildFile; fileRef = 3C27C2AD266C3D1B00CBBCA4 /* main.m */; };
		3C27C2B7266C3D1B00CBBCA4 /* AppDelegate.m in Sources */ = {isa = PBXBuildFile; fileRef = 3C27C2AE266C3D1B00CBBCA4 /* AppDelegate.m */; };
		3C27C2D3266C3D6300CBBCA4 /* ViewController.m in Sources */ = {isa = PBXBuildFile; fileRef = 3C27C2CB266C3D6300CBBCA4 /* ViewController.m */; };
		3C27C2D4266C3D6300CBBCA4 /* Main.storyboard in Resources */ = {isa = PBXBuildFile; fileRef = 3C27C2CC266C3D6300CBBCA4 /* Main.storyboard */; };
		3C27C2D6266C3D6300CBBCA4 /* main.m in Sources */ = {isa = PBXBuildFile; fileRef = 3C27C2CE266C3D6300CBBCA4 /* main.m */; };
		3C27C2D8266C3D6300CBBCA4 /* AppDelegate.m in Sources */ = {isa = PBXBuildFile; fileRef = 3C27C2CF266C3D6300CBBCA4 /* AppDelegate.m */; };
		3C4C08842E9945640038CFA2 /* libbass.dylib in Frameworks */ = {isa = PBXBuildFile; fileRef = 3C4C08832E9945640038CFA2 /* libbass.dylib */; };
		3C4C08852E9945640038CFA2 /* libbass.dylib in Frameworks */ = {isa = PBXBuildFile; fileRef = 3C4C08832E9945640038CFA2 /* libbass.dylib */; };
		3C4C08862E9945640038CFA2 /* libbass.dylib in Frameworks */ = {isa = PBXBuildFile; fileRef = 3C4C08832E9945640038CFA2 /* libbass.dylib */; };
		3C4C08872E9945640038CFA2 /* libbass.dylib in Frameworks */ = {isa = PBXBuildFile; fileRef = 3C4C08832E9945640038CFA2 /* libbass.dylib */; };
		3C4C08882E9945640038CFA2 /* libbass.dylib in Frameworks */ = {isa = PBXBuildFile; fileRef = 3C4C08832E9945640038CFA2 /* libbass.dylib */; };
		3C4C08892E9945640038CFA2 /* libbass.dylib in Frameworks */ = {isa = PBXBuildFile; fileRef = 3C4C08832E9945640038CFA2 /* libbass.dylib */; };
		3C4C088A2E9945640038CFA2 /* libbass.dylib in Frameworks */ = {isa = PBXBuildFile; fileRef = 3C4C08832E9945640038CFA2 /* libbass.dylib */; };
		3C4C088B2E9945640038CFA2 /* libbass.dylib in Frameworks */ = {isa = PBXBuildFile; fileRef = 3C4C08832E9945640038CFA2 /* libbass.dylib */; };
		3C4C088C2E9945640038CFA2 /* libbass.dylib in Frameworks */ = {isa = PBXBuildFile; fileRef = 3C4C08832E9945640038CFA2 /* libbass.dylib */; };
		3C4C088D2E9945640038CFA2 /* libbass.dylib in Frameworks */ = {isa = PBXBuildFile; fileRef = 3C4C08832E9945640038CFA2 /* libbass.dylib */; };
		3C4C088E2E9945640038CFA2 /* libbass.dylib in Frameworks */ = {isa = PBXBuildFile; fileRef = 3C4C08832E9945640038CFA2 /* libbass.dylib */; };
		3C4C088F2E9945640038CFA2 /* libbass.dylib in Frameworks */ = {isa = PBXBuildFile; fileRef = 3C4C08832E9945640038CFA2 /* libbass.dylib */; };
		3C4C08902E9945640038CFA2 /* libbass.dylib in Frameworks */ = {isa = PBXBuildFile; fileRef = 3C4C08832E9945640038CFA2 /* libbass.dylib */; };
		3C4C08912E9945790038CFA2 /* libbass.dylib in Embed Libraries */ = {isa = PBXBuildFile; fileRef = 3C4C08832E9945640038CFA2 /* libbass.dylib */; settings = {ATTRIBUTES = (CodeSignOnCopy, ); }; };
		3C4C08932E99457C0038CFA2 /* libbass.dylib in Embed Libraries */ = {isa = PBXBuildFile; fileRef = 3C4C08832E9945640038CFA2 /* libbass.dylib */; settings = {ATTRIBUTES = (CodeSignOnCopy, ); }; };
		3C4C08952E99457E0038CFA2 /* libbass.dylib in Embed Libraries */ = {isa = PBXBuildFile; fileRef = 3C4C08832E9945640038CFA2 /* libbass.dylib */; settings = {ATTRIBUTES = (CodeSignOnCopy, ); }; };
		3C4C08962E9945810038CFA2 /* libbass.dylib in Embed Libraries */ = {isa = PBXBuildFile; fileRef = 3C4C08832E9945640038CFA2 /* libbass.dylib */; settings = {ATTRIBUTES = (CodeSignOnCopy, ); }; };
		3C4C08972E9945840038CFA2 /* libbass.dylib in Embed Libraries */ = {isa = PBXBuildFile; fileRef = 3C4C08832E9945640038CFA2 /* libbass.dylib */; settings = {ATTRIBUTES = (CodeSignOnCopy, ); }; };
		3C4C08982E9945860038CFA2 /* libbass.dylib in Embed Libraries */ = {isa = PBXBuildFile; fileRef = 3C4C08832E9945640038CFA2 /* libbass.dylib */; settings = {ATTRIBUTES = (CodeSignOnCopy, ); }; };
		3C4C08992E9945880038CFA2 /* libbass.dylib in Embed Libraries */ = {isa = PBXBuildFile; fileRef = 3C4C08832E9945640038CFA2 /* libbass.dylib */; settings = {ATTRIBUTES = (CodeSignOnCopy, ); }; };
		3C4C089A2E99458A0038CFA2 /* libbass.dylib in Embed Libraries */ = {isa = PBXBuildFile; fileRef = 3C4C08832E9945640038CFA2 /* libbass.dylib */; settings = {ATTRIBUTES = (CodeSignOnCopy, ); }; };
		3C4C089B2E99458C0038CFA2 /* libbass.dylib in Embed Libraries */ = {isa = PBXBuildFile; fileRef = 3C4C08832E9945640038CFA2 /* libbass.dylib */; settings = {ATTRIBUTES = (CodeSignOnCopy, ); }; };
		3C4C089C2E99458E0038CFA2 /* libbass.dylib in Embed Libraries */ = {isa = PBXBuildFile; fileRef = 3C4C08832E9945640038CFA2 /* libbass.dylib */; settings = {ATTRIBUTES = (CodeSignOnCopy, ); }; };
		3C4C089D2E9945900038CFA2 /* libbass.dylib in Embed Libraries */ = {isa = PBXBuildFile; fileRef = 3C4C08832E9945640038CFA2 /* libbass.dylib */; settings = {ATTRIBUTES = (CodeSignOnCopy, ); }; };
		3C4C089E2E9945920038CFA2 /* libbass.dylib in Embed Libraries */ = {isa = PBXBuildFile; fileRef = 3C4C08832E9945640038CFA2 /* libbass.dylib */; settings = {ATTRIBUTES = (CodeSignOnCopy, ); }; };
		3C4C089F2E9945950038CFA2 /* libbass.dylib in Embed Libraries */ = {isa = PBXBuildFile; fileRef = 3C4C08832E9945640038CFA2 /* libbass.dylib */; settings = {ATTRIBUTES = (CodeSignOnCopy, ); }; };
		3C504A3E2666817B0084D37F /* contest.c in Sources */ = {isa = PBXBuildFile; fileRef = 3C504A3D2666817B0084D37F /* contest.c */; };
		3C504A50266681D60084D37F /* devlist.c in Sources */ = {isa = PBXBuildFile; fileRef = 3C504A4F266681D60084D37F /* devlist.c */; };
		3C504A62266682010084D37F /* writewav.c in Sources */ = {isa = PBXBuildFile; fileRef = 3C504A61266682010084D37F /* writewav.c */; };
		3C504A832666828A0084D37F /* ViewController.m in Sources */ = {isa = PBXBuildFile; fileRef = 3C504A7C2666828A0084D37F /* ViewController.m */; };
		3C504A842666828A0084D37F /* Main.storyboard in Resources */ = {isa = PBXBuildFile; fileRef = 3C504A7D2666828A0084D37F /* Main.storyboard */; };
		3C504A852666828A0084D37F /* main.m in Sources */ = {isa = PBXBuildFile; fileRef = 3C504A7F2666828A0084D37F /* main.m */; };
		3C504A862666828A0084D37F /* AppDelegate.m in Sources */ = {isa = PBXBuildFile; fileRef = 3C504A802666828A0084D37F /* AppDelegate.m */; };
		3C504AA9266683BC0084D37F /* ViewController.m in Sources */ = {isa = PBXBuildFile; fileRef = 3C504AA2266683BC0084D37F /* ViewController.m */; };
		3C504AAB266683BC0084D37F /* main.m in Sources */ = {isa = PBXBuildFile; fileRef = 3C504AA5266683BC0084D37F /* main.m */; };
		3C504AAC266683BC0084D37F /* AppDelegate.m in Sources */ = {isa = PBXBuildFile; fileRef = 3C504AA6266683BC0084D37F /* AppDelegate.m */; };
		3C504AB7266683F60084D37F /* Main.storyboard in Resources */ = {isa = PBXBuildFile; fileRef = 3C504AA3266683BC0084D37F /* Main.storyboard */; };
		3C504AE0266684440084D37F /* ViewController.m in Sources */ = {isa = PBXBuildFile; fileRef = 3C504AD9266684440084D37F /* ViewController.m */; };
		3C504AE1266684440084D37F /* Main.storyboard in Resources */ = {isa = PBXBuildFile; fileRef = 3C504ADA266684440084D37F /* Main.storyboard */; };
		3C504AE2266684440084D37F /* main.m in Sources */ = {isa = PBXBuildFile; fileRef = 3C504ADC266684440084D37F /* main.m */; };
		3C504AE3266684440084D37F /* AppDelegate.m in Sources */ = {isa = PBXBuildFile; fileRef = 3C504ADD266684440084D37F /* AppDelegate.m */; };
		3C504B15266684840084D37F /* ViewController.m in Sources */ = {isa = PBXBuildFile; fileRef = 3C504B0E266684840084D37F /* ViewController.m */; };
		3C504B16266684840084D37F /* Main.storyboard in Resources */ = {isa = PBXBuildFile; fileRef = 3C504B0F266684840084D37F /* Main.storyboard */; };
		3C504B17266684840084D37F /* main.m in Sources */ = {isa = PBXBuildFile; fileRef = 3C504B11266684840084D37F /* main.m */; };
		3C504B18266684840084D37F /* AppDelegate.m in Sources */ = {isa = PBXBuildFile; fileRef = 3C504B12266684840084D37F /* AppDelegate.m */; };
		3C504B4F266684BD0084D37F /* ViewController.m in Sources */ = {isa = PBXBuildFile; fileRef = 3C504B48266684BD0084D37F /* ViewController.m */; };
		3C504B50266684BD0084D37F /* Main.storyboard in Resources */ = {isa = PBXBuildFile; fileRef = 3C504B49266684BD0084D37F /* Main.storyboard */; };
		3C504B51266684BD0084D37F /* main.m in Sources */ = {isa = PBXBuildFile; fileRef = 3C504B4B266684BD0084D37F /* main.m */; };
		3C504B52266684BD0084D37F /* AppDelegate.m in Sources */ = {isa = PBXBuildFile; fileRef = 3C504B4C266684BD0084D37F /* AppDelegate.m */; };
		3C504B8E266685060084D37F /* ViewController.m in Sources */ = {isa = PBXBuildFile; fileRef = 3C504B87266685060084D37F /* ViewController.m */; };
		3C504B8F266685060084D37F /* Main.storyboard in Resources */ = {isa = PBXBuildFile; fileRef = 3C504B88266685060084D37F /* Main.storyboard */; };
		3C504B90266685060084D37F /* main.m in Sources */ = {isa = PBXBuildFile; fileRef = 3C504B8A266685060084D37F /* main.m */; };
		3C504B91266685060084D37F /* AppDelegate.m in Sources */ = {isa = PBXBuildFile; fileRef = 3C504B8B266685060084D37F /* AppDelegate.m */; };
		3C5056D726F237720084D37F /* ViewController.m in Sources */ = {isa = PBXBuildFile; fileRef = 3C5056D026F237720084D37F /* ViewController.m */; };
		3C5056D926F237720084D37F /* main.m in Sources */ = {isa = PBXBuildFile; fileRef = 3C5056D326F237720084D37F /* main.m */; };
		3C5056DA26F237720084D37F /* AppDelegate.m in Sources */ = {isa = PBXBuildFile; fileRef = 3C5056D426F237720084D37F /* AppDelegate.m */; };
		3C5056F626F237870084D37F /* Main.storyboard in Resources */ = {isa = PBXBuildFile; fileRef = 3C5056D126F237720084D37F /* Main.storyboard */; };
		3C579FAC2572FAD200D2145B /* ViewController.m in Sources */ = {isa = PBXBuildFile; fileRef = 3C579F802572F98800D2145B /* ViewController.m */; };
		3C579FAF2572FAD400D2145B /* main.m in Sources */ = {isa = PBXBuildFile; fileRef = 3C579F832572F98800D2145B /* main.m */; };
		3C579FB22572FAD700D2145B /* AppDelegate.m in Sources */ = {isa = PBXBuildFile; fileRef = 3C579F842572F98800D2145B /* AppDelegate.m */; };
		3C579FDD2572FB0A00D2145B /* Main.storyboard in Resources */ = {isa = PBXBuildFile; fileRef = 3C579F812572F98800D2145B /* Main.storyboard */; };
/* End PBXBuildFile section */

/* Begin PBXCopyFilesBuildPhase section */
		3C20AF7F28EDCC82006E9C07 /* Embed Libraries */ = {
			isa = PBXCopyFilesBuildPhase;
			buildActionMask = 2147483647;
			dstPath = "";
			dstSubfolderSpec = 10;
			files = (
				3C4C08952E99457E0038CFA2 /* libbass.dylib in Embed Libraries */,
			);
			name = "Embed Libraries";
			runOnlyForDeploymentPostprocessing = 0;
		};
		3C254FDA24BFB60C00E5137E /* Embed Libraries */ = {
			isa = PBXCopyFilesBuildPhase;
			buildActionMask = 2147483647;
			dstPath = "";
			dstSubfolderSpec = 10;
			files = (
				3C4C089B2E99458C0038CFA2 /* libbass.dylib in Embed Libraries */,
			);
			name = "Embed Libraries";
			runOnlyForDeploymentPostprocessing = 0;
		};
		3C27C2A1266C3CD600CBBCA4 /* Embed Libraries */ = {
			isa = PBXCopyFilesBuildPhase;
			buildActionMask = 2147483647;
			dstPath = "";
			dstSubfolderSpec = 10;
			files = (
				3C4C08972E9945840038CFA2 /* libbass.dylib in Embed Libraries */,
			);
			name = "Embed Libraries";
			runOnlyForDeploymentPostprocessing = 0;
		};
		3C27C2C2266C3D2700CBBCA4 /* Embed Libraries */ = {
			isa = PBXCopyFilesBuildPhase;
			buildActionMask = 2147483647;
			dstPath = "";
			dstSubfolderSpec = 10;
			files = (
				3C4C089D2E9945900038CFA2 /* libbass.dylib in Embed Libraries */,
			);
			name = "Embed Libraries";
			runOnlyForDeploymentPostprocessing = 0;
		};
		3C4C08922E9945790038CFA2 /* Embed Libraries */ = {
			isa = PBXCopyFilesBuildPhase;
			buildActionMask = 2147483647;
			dstPath = "";
			dstSubfolderSpec = 6;
			files = (
				3C4C08912E9945790038CFA2 /* libbass.dylib in Embed Libraries */,
			);
			name = "Embed Libraries";
			runOnlyForDeploymentPostprocessing = 0;
		};
		3C4C08942E99457C0038CFA2 /* Embed Libraries */ = {
			isa = PBXCopyFilesBuildPhase;
			buildActionMask = 2147483647;
			dstPath = "";
			dstSubfolderSpec = 6;
			files = (
				3C4C08932E99457C0038CFA2 /* libbass.dylib in Embed Libraries */,
			);
			name = "Embed Libraries";
			runOnlyForDeploymentPostprocessing = 0;
		};
		3C4C08A02E9945950038CFA2 /* Embed Libraries */ = {
			isa = PBXCopyFilesBuildPhase;
			buildActionMask = 2147483647;
			dstPath = "";
			dstSubfolderSpec = 6;
			files = (
				3C4C089F2E9945950038CFA2 /* libbass.dylib in Embed Libraries */,
			);
			name = "Embed Libraries";
			runOnlyForDeploymentPostprocessing = 0;
		};
		3C504A93266683900084D37F /* Embed Libraries */ = {
			isa = PBXCopyFilesBuildPhase;
			buildActionMask = 2147483647;
			dstPath = "";
			dstSubfolderSpec = 10;
			files = (
				3C4C08962E9945810038CFA2 /* libbass.dylib in Embed Libraries */,
			);
			name = "Embed Libraries";
			runOnlyForDeploymentPostprocessing = 0;
		};
		3C504AC42666841F0084D37F /* Embed Libraries */ = {
			isa = PBXCopyFilesBuildPhase;
			buildActionMask = 2147483647;
			dstPath = "";
			dstSubfolderSpec = 10;
			files = (
				3C4C08992E9945880038CFA2 /* libbass.dylib in Embed Libraries */,
			);
			name = "Embed Libraries";
			runOnlyForDeploymentPostprocessing = 0;
		};
		3C504AF62666845D0084D37F /* Embed Libraries */ = {
			isa = PBXCopyFilesBuildPhase;
			buildActionMask = 2147483647;
			dstPath = "";
			dstSubfolderSpec = 10;
			files = (
				3C4C089A2E99458A0038CFA2 /* libbass.dylib in Embed Libraries */,
			);
			name = "Embed Libraries";
			runOnlyForDeploymentPostprocessing = 0;
		};
		3C504B2D266684990084D37F /* Embed Libraries */ = {
			isa = PBXCopyFilesBuildPhase;
			buildActionMask = 2147483647;
			dstPath = "";
			dstSubfolderSpec = 10;
			files = (
				3C4C089C2E99458E0038CFA2 /* libbass.dylib in Embed Libraries */,
			);
			name = "Embed Libraries";
			runOnlyForDeploymentPostprocessing = 0;
		};
		3C504B69266684D50084D37F /* Embed Libraries */ = {
			isa = PBXCopyFilesBuildPhase;
			buildActionMask = 2147483647;
			dstPath = "";
			dstSubfolderSpec = 10;
			files = (
				3C4C089E2E9945920038CFA2 /* libbass.dylib in Embed Libraries */,
			);
			name = "Embed Libraries";
			runOnlyForDeploymentPostprocessing = 0;
		};
		3C5056AD26F2371E0084D37F /* Embed Libraries */ = {
			isa = PBXCopyFilesBuildPhase;
			buildActionMask = 2147483647;
			dstPath = "";
			dstSubfolderSpec = 10;
			files = (
				3C4C08982E9945860038CFA2 /* libbass.dylib in Embed Libraries */,
			);
			name = "Embed Libraries";
			runOnlyForDeploymentPostprocessing = 0;
		};
/* End PBXCopyFilesBuildPhase section */

/* Begin PBXFileReference section */
		3C254F5B24BFA2AC00E5137E /* contest */ = {isa = PBXFileReference; explicitFileType = "compiled.mach-o.executable"; includeInIndex = 0; path = contest; sourceTree = BUILT_PRODUCTS_DIR; };
		3C254F8124BFA40D00E5137E /* rectest.app */ = {isa = PBXFileReference; explicitFileType = wrapper.application; includeInIndex = 0; path = rectest.app; sourceTree = BUILT_PRODUCTS_DIR; };
		3C27C2A6266C3CD600CBBCA4 /* livespec.app */ = {isa = PBXFileReference; explicitFileType = wrapper.application; includeInIndex = 0; path = livespec.app; sourceTree = BUILT_PRODUCTS_DIR; };
		3C27C2A9266C3D1B00CBBCA4 /* AppDelegate.h */ = {isa = PBXFileReference; fileEncoding = 4; lastKnownFileType = sourcecode.c.h; path = AppDelegate.h; sourceTree = "<group>"; };
		3C27C2AA266C3D1B00CBBCA4 /* ViewController.m */ = {isa = PBXFileReference; fileEncoding = 4; lastKnownFileType = sourcecode.c.objc; path = ViewController.m; sourceTree = "<group>"; };
		3C27C2AC266C3D1B00CBBCA4 /* Base */ = {isa = PBXFileReference; lastKnownFileType = file.storyboard; name = Base; path = Base.lproj/Main.storyboard; sourceTree = "<group>"; };
		3C27C2AD266C3D1B00CBBCA4 /* main.m */ = {isa = PBXFileReference; fileEncoding = 4; lastKnownFileType = sourcecode.c.objc; path = main.m; sourceTree = "<group>"; };
		3C27C2AE266C3D1B00CBBCA4 /* AppDelegate.m */ = {isa = PBXFileReference; fileEncoding = 4; lastKnownFileType = sourcecode.c.objc; path = AppDelegate.m; sourceTree = "<group>"; };
		3C27C2AF266C3D1B00CBBCA4 /* Info.plist */ = {isa = PBXFileReference; fileEncoding = 4; lastKnownFileType = text.plist.xml; path = Info.plist; sourceTree = "<group>"; };
		3C27C2B0266C3D1B00CBBCA4 /* ViewController.h */ = {isa = PBXFileReference; fileEncoding = 4; lastKnownFileType = sourcecode.c.h; path = ViewController.h; sourceTree = "<group>"; };
		3C27C2C7266C3D2700CBBCA4 /* spectrum.app */ = {isa = PBXFileReference; explicitFileType = wrapper.application; includeInIndex = 0; path = spectrum.app; sourceTree = BUILT_PRODUCTS_DIR; };
		3C27C2CA266C3D6300CBBCA4 /* AppDelegate.h */ = {isa = PBXFileReference; fileEncoding = 4; lastKnownFileType = sourcecode.c.h; path = AppDelegate.h; sourceTree = "<group>"; };
		3C27C2CB266C3D6300CBBCA4 /* ViewController.m */ = {isa = PBXFileReference; fileEncoding = 4; lastKnownFileType = sourcecode.c.objc; path = ViewController.m; sourceTree = "<group>"; };
		3C27C2CD266C3D6300CBBCA4 /* Base */ = {isa = PBXFileReference; lastKnownFileType = file.storyboard; name = Base; path = Base.lproj/Main.storyboard; sourceTree = "<group>"; };
		3C27C2CE266C3D6300CBBCA4 /* main.m */ = {isa = PBXFileReference; fileEncoding = 4; lastKnownFileType = sourcecode.c.objc; path = main.m; sourceTree = "<group>"; };
		3C27C2CF266C3D6300CBBCA4 /* AppDelegate.m */ = {isa = PBXFileReference; fileEncoding = 4; lastKnownFileType = sourcecode.c.objc; path = AppDelegate.m; sourceTree = "<group>"; };
		3C27C2D0266C3D6300CBBCA4 /* Info.plist */ = {isa = PBXFileReference; fileEncoding = 4; lastKnownFileType = text.plist.xml; path = Info.plist; sourceTree = "<group>"; };
		3C27C2D1266C3D6300CBBCA4 /* ViewController.h */ = {isa = PBXFileReference; fileEncoding = 4; lastKnownFileType = sourcecode.c.h; path = ViewController.h; sourceTree = "<group>"; };
		3C4C08832E9945640038CFA2 /* libbass.dylib */ = {isa = PBXFileReference; lastKnownFileType = "compiled.mach-o.dylib"; name = libbass.dylib; path = ../libbass.dylib; sourceTree = "<group>"; };
		3C504A3D2666817B0084D37F /* contest.c */ = {isa = PBXFileReference; fileEncoding = 4; lastKnownFileType = sourcecode.c.c; path = contest.c; sourceTree = "<group>"; };
		3C504A4B266681B10084D37F /* devlist */ = {isa = PBXFileReference; explicitFileType = "compiled.mach-o.executable"; includeInIndex = 0; path = devlist; sourceTree = BUILT_PRODUCTS_DIR; };
		3C504A4F266681D60084D37F /* devlist.c */ = {isa = PBXFileReference; fileEncoding = 4; lastKnownFileType = sourcecode.c.c; path = devlist.c; sourceTree = "<group>"; };
		3C504A5D266681E70084D37F /* writewav */ = {isa = PBXFileReference; explicitFileType = "compiled.mach-o.executable"; includeInIndex = 0; path = writewav; sourceTree = BUILT_PRODUCTS_DIR; };
		3C504A61266682010084D37F /* writewav.c */ = {isa = PBXFileReference; fileEncoding = 4; lastKnownFileType = sourcecode.c.c; path = writewav.c; sourceTree = "<group>"; };
		3C504A72266682050084D37F /* dsptest.app */ = {isa = PBXFileReference; explicitFileType = wrapper.application; includeInIndex = 0; path = dsptest.app; sourceTree = BUILT_PRODUCTS_DIR; };
		3C504A7B2666828A0084D37F /* AppDelegate.h */ = {isa = PBXFileReference; fileEncoding = 4; lastKnownFileType = sourcecode.c.h; path = AppDelegate.h; sourceTree = "<group>"; };
		3C504A7C2666828A0084D37F /* ViewController.m */ = {isa = PBXFileReference; fileEncoding = 4; lastKnownFileType = sourcecode.c.objc; path = ViewController.m; sourceTree = "<group>"; };
		3C504A7E2666828A0084D37F /* Base */ = {isa = PBXFileReference; lastKnownFileType = file.storyboard; name = Base; path = Base.lproj/Main.storyboard; sourceTree = "<group>"; };
		3C504A7F2666828A0084D37F /* main.m */ = {isa = PBXFileReference; fileEncoding = 4; lastKnownFileType = sourcecode.c.objc; path = main.m; sourceTree = "<group>"; };
		3C504A802666828A0084D37F /* AppDelegate.m */ = {isa = PBXFileReference; fileEncoding = 4; lastKnownFileType = sourcecode.c.objc; path = AppDelegate.m; sourceTree = "<group>"; };
		3C504A812666828A0084D37F /* Info.plist */ = {isa = PBXFileReference; fileEncoding = 4; lastKnownFileType = text.plist.xml; path = Info.plist; sourceTree = "<group>"; };
		3C504A822666828A0084D37F /* ViewController.h */ = {isa = PBXFileReference; fileEncoding = 4; lastKnownFileType = sourcecode.c.h; path = ViewController.h; sourceTree = "<group>"; };
		3C504A98266683900084D37F /* fxtest.app */ = {isa = PBXFileReference; explicitFileType = wrapper.application; includeInIndex = 0; path = fxtest.app; sourceTree = BUILT_PRODUCTS_DIR; };
		3C504AA1266683BB0084D37F /* AppDelegate.h */ = {isa = PBXFileReference; fileEncoding = 4; lastKnownFileType = sourcecode.c.h; path = AppDelegate.h; sourceTree = "<group>"; };
		3C504AA2266683BC0084D37F /* ViewController.m */ = {isa = PBXFileReference; fileEncoding = 4; lastKnownFileType = sourcecode.c.objc; path = ViewController.m; sourceTree = "<group>"; };
		3C504AA4266683BC0084D37F /* Base */ = {isa = PBXFileReference; lastKnownFileType = file.storyboard; name = Base; path = Base.lproj/Main.storyboard; sourceTree = "<group>"; };
		3C504AA5266683BC0084D37F /* main.m */ = {isa = PBXFileReference; fileEncoding = 4; lastKnownFileType = sourcecode.c.objc; path = main.m; sourceTree = "<group>"; };
		3C504AA6266683BC0084D37F /* AppDelegate.m */ = {isa = PBXFileReference; fileEncoding = 4; lastKnownFileType = sourcecode.c.objc; path = AppDelegate.m; sourceTree = "<group>"; };
		3C504AA7266683BC0084D37F /* Info.plist */ = {isa = PBXFileReference; fileEncoding = 4; lastKnownFileType = text.plist.xml; path = Info.plist; sourceTree = "<group>"; };
		3C504AA8266683BC0084D37F /* ViewController.h */ = {isa = PBXFileReference; fileEncoding = 4; lastKnownFileType = sourcecode.c.h; path = ViewController.h; sourceTree = "<group>"; };
		3C504AC92666841F0084D37F /* netradio.app */ = {isa = PBXFileReference; explicitFileType = wrapper.application; includeInIndex = 0; path = netradio.app; sourceTree = BUILT_PRODUCTS_DIR; };
		3C504AD8266684440084D37F /* AppDelegate.h */ = {isa = PBXFileReference; fileEncoding = 4; lastKnownFileType = sourcecode.c.h; path = AppDelegate.h; sourceTree = "<group>"; };
		3C504AD9266684440084D37F /* ViewController.m */ = {isa = PBXFileReference; fileEncoding = 4; lastKnownFileType = sourcecode.c.objc; path = ViewController.m; sourceTree = "<group>"; };
		3C504ADB266684440084D37F /* Base */ = {isa = PBXFileReference; lastKnownFileType = file.storyboard; name = Base; path = Base.lproj/Main.storyboard; sourceTree = "<group>"; };
		3C504ADC266684440084D37F /* main.m */ = {isa = PBXFileReference; fileEncoding = 4; lastKnownFileType = sourcecode.c.objc; path = main.m; sourceTree = "<group>"; };
		3C504ADD266684440084D37F /* AppDelegate.m */ = {isa = PBXFileReference; fileEncoding = 4; lastKnownFileType = sourcecode.c.objc; path = AppDelegate.m; sourceTree = "<group>"; };
		3C504ADE266684440084D37F /* Info.plist */ = {isa = PBXFileReference; fileEncoding = 4; lastKnownFileType = text.plist.xml; path = Info.plist; sourceTree = "<group>"; };
		3C504ADF266684440084D37F /* ViewController.h */ = {isa = PBXFileReference; fileEncoding = 4; lastKnownFileType = sourcecode.c.h; path = ViewController.h; sourceTree = "<group>"; };
		3C504AFB2666845D0084D37F /* plugins.app */ = {isa = PBXFileReference; explicitFileType = wrapper.application; includeInIndex = 0; path = plugins.app; sourceTree = BUILT_PRODUCTS_DIR; };
		3C504B0D266684840084D37F /* AppDelegate.h */ = {isa = PBXFileReference; fileEncoding = 4; lastKnownFileType = sourcecode.c.h; path = AppDelegate.h; sourceTree = "<group>"; };
		3C504B0E266684840084D37F /* ViewController.m */ = {isa = PBXFileReference; fileEncoding = 4; lastKnownFileType = sourcecode.c.objc; path = ViewController.m; sourceTree = "<group>"; };
		3C504B10266684840084D37F /* Base */ = {isa = PBXFileReference; lastKnownFileType = file.storyboard; name = Base; path = Base.lproj/Main.storyboard; sourceTree = "<group>"; };
		3C504B11266684840084D37F /* main.m */ = {isa = PBXFileReference; fileEncoding = 4; lastKnownFileType = sourcecode.c.objc; path = main.m; sourceTree = "<group>"; };
		3C504B12266684840084D37F /* AppDelegate.m */ = {isa = PBXFileReference; fileEncoding = 4; lastKnownFileType = sourcecode.c.objc; path = AppDelegate.m; sourceTree = "<group>"; };
		3C504B13266684840084D37F /* Info.plist */ = {isa = PBXFileReference; fileEncoding = 4; lastKnownFileType = text.plist.xml; path = Info.plist; sourceTree = "<group>"; };
		3C504B14266684840084D37F /* ViewController.h */ = {isa = PBXFileReference; fileEncoding = 4; lastKnownFileType = sourcecode.c.h; path = ViewController.h; sourceTree = "<group>"; };
		3C504B32266684990084D37F /* speakers.app */ = {isa = PBXFileReference; explicitFileType = wrapper.application; includeInIndex = 0; path = speakers.app; sourceTree = BUILT_PRODUCTS_DIR; };
		3C504B47266684BD0084D37F /* AppDelegate.h */ = {isa = PBXFileReference; fileEncoding = 4; lastKnownFileType = sourcecode.c.h; path = AppDelegate.h; sourceTree = "<group>"; };
		3C504B48266684BD0084D37F /* ViewController.m */ = {isa = PBXFileReference; fileEncoding = 4; lastKnownFileType = sourcecode.c.objc; path = ViewController.m; sourceTree = "<group>"; };
		3C504B4A266684BD0084D37F /* Base */ = {isa = PBXFileReference; lastKnownFileType = file.storyboard; name = Base; path = Base.lproj/Main.storyboard; sourceTree = "<group>"; };
		3C504B4B266684BD0084D37F /* main.m */ = {isa = PBXFileReference; fileEncoding = 4; lastKnownFileType = sourcecode.c.objc; path = main.m; sourceTree = "<group>"; };
		3C504B4C266684BD0084D37F /* AppDelegate.m */ = {isa = PBXFileReference; fileEncoding = 4; lastKnownFileType = sourcecode.c.objc; path = AppDelegate.m; sourceTree = "<group>"; };
		3C504B4D266684BD0084D37F /* Info.plist */ = {isa = PBXFileReference; fileEncoding = 4; lastKnownFileType = text.plist.xml; path = Info.plist; sourceTree = "<group>"; };
		3C504B4E266684BD0084D37F /* ViewController.h */ = {isa = PBXFileReference; fileEncoding = 4; lastKnownFileType = sourcecode.c.h; path = ViewController.h; sourceTree = "<group>"; };
		3C504B6E266684D50084D37F /* synth.app */ = {isa = PBXFileReference; explicitFileType = wrapper.application; includeInIndex = 0; path = synth.app; sourceTree = BUILT_PRODUCTS_DIR; };
		3C504B86266685060084D37F /* AppDelegate.h */ = {isa = PBXFileReference; fileEncoding = 4; lastKnownFileType = sourcecode.c.h; path = AppDelegate.h; sourceTree = "<group>"; };
		3C504B87266685060084D37F /* ViewController.m */ = {isa = PBXFileReference; fileEncoding = 4; lastKnownFileType = sourcecode.c.objc; path = ViewController.m; sourceTree = "<group>"; };
		3C504B89266685060084D37F /* Base */ = {isa = PBXFileReference; lastKnownFileType = file.storyboard; name = Base; path = Base.lproj/Main.storyboard; sourceTree = "<group>"; };
		3C504B8A266685060084D37F /* main.m */ = {isa = PBXFileReference; fileEncoding = 4; lastKnownFileType = sourcecode.c.objc; path = main.m; sourceTree = "<group>"; };
		3C504B8B266685060084D37F /* AppDelegate.m */ = {isa = PBXFileReference; fileEncoding = 4; lastKnownFileType = sourcecode.c.objc; path = AppDelegate.m; sourceTree = "<group>"; };
		3C504B8C266685060084D37F /* Info.plist */ = {isa = PBXFileReference; fileEncoding = 4; lastKnownFileType = text.plist.xml; path = Info.plist; sourceTree = "<group>"; };
		3C504B8D266685060084D37F /* ViewController.h */ = {isa = PBXFileReference; fileEncoding = 4; lastKnownFileType = sourcecode.c.h; path = ViewController.h; sourceTree = "<group>"; };
		3C5056B226F2371E0084D37F /* multi.app */ = {isa = PBXFileReference; explicitFileType = wrapper.application; includeInIndex = 0; path = multi.app; sourceTree = BUILT_PRODUCTS_DIR; };
		3C5056CF26F237720084D37F /* AppDelegate.h */ = {isa = PBXFileReference; fileEncoding = 4; lastKnownFileType = sourcecode.c.h; path = AppDelegate.h; sourceTree = "<group>"; };
		3C5056D026F237720084D37F /* ViewController.m */ = {isa = PBXFileReference; fileEncoding = 4; lastKnownFileType = sourcecode.c.objc; path = ViewController.m; sourceTree = "<group>"; };
		3C5056D226F237720084D37F /* Base */ = {isa = PBXFileReference; lastKnownFileType = file.storyboard; name = Base; path = Base.lproj/Main.storyboard; sourceTree = "<group>"; };
		3C5056D326F237720084D37F /* main.m */ = {isa = PBXFileReference; fileEncoding = 4; lastKnownFileType = sourcecode.c.objc; path = main.m; sourceTree = "<group>"; };
		3C5056D426F237720084D37F /* AppDelegate.m */ = {isa = PBXFileReference; fileEncoding = 4; lastKnownFileType = sourcecode.c.objc; path = AppDelegate.m; sourceTree = "<group>"; };
		3C5056D526F237720084D37F /* Info.plist */ = {isa = PBXFileReference; fileEncoding = 4; lastKnownFileType = text.plist.xml; path = Info.plist; sourceTree = "<group>"; };
		3C5056D626F237720084D37F /* ViewController.h */ = {isa = PBXFileReference; fileEncoding = 4; lastKnownFileType = sourcecode.c.h; path = ViewController.h; sourceTree = "<group>"; };
		3C579F7F2572F98800D2145B /* AppDelegate.h */ = {isa = PBXFileReference; lastKnownFileType = sourcecode.c.h; path = AppDelegate.h; sourceTree = "<group>"; };
		3C579F802572F98800D2145B /* ViewController.m */ = {isa = PBXFileReference; lastKnownFileType = sourcecode.c.objc; path = ViewController.m; sourceTree = "<group>"; };
		3C579F822572F98800D2145B /* Base */ = {isa = PBXFileReference; lastKnownFileType = file.storyboard; name = Base; path = Base.lproj/Main.storyboard; sourceTree = "<group>"; };
		3C579F832572F98800D2145B /* main.m */ = {isa = PBXFileReference; lastKnownFileType = sourcecode.c.objc; path = main.m; sourceTree = "<group>"; };
		3C579F842572F98800D2145B /* AppDelegate.m */ = {isa = PBXFileReference; lastKnownFileType = sourcecode.c.objc; path = AppDelegate.m; sourceTree = "<group>"; };
		3C579F852572F98800D2145B /* Info.plist */ = {isa = PBXFileReference; lastKnownFileType = text.plist.xml; path = Info.plist; sourceTree = "<group>"; };
		3C579F862572F98800D2145B /* ViewController.h */ = {isa = PBXFileReference; lastKnownFileType = sourcecode.c.h; path = ViewController.h; sourceTree = "<group>"; };
/* End PBXFileReference section */

/* Begin PBXFrameworksBuildPhase section */
		3C254F5824BFA2AC00E5137E /* Frameworks */ = {
			isa = PBXFrameworksBuildPhase;
			buildActionMask = 2147483647;
			files = (
				3C4C08842E9945640038CFA2 /* libbass.dylib in Frameworks */,
			);
			runOnlyForDeploymentPostprocessing = 0;
		};
		3C254F7E24BFA40D00E5137E /* Frameworks */ = {
			isa = PBXFrameworksBuildPhase;
			buildActionMask = 2147483647;
			files = (
				3C4C088C2E9945640038CFA2 /* libbass.dylib in Frameworks */,
			);
			runOnlyForDeploymentPostprocessing = 0;
		};
		3C27C29D266C3CD600CBBCA4 /* Frameworks */ = {
			isa = PBXFrameworksBuildPhase;
			buildActionMask = 2147483647;
			files = (
				3C4C08882E9945640038CFA2 /* libbass.dylib in Frameworks */,
			);
			runOnlyForDeploymentPostprocessing = 0;
		};
		3C27C2BE266C3D2700CBBCA4 /* Frameworks */ = {
			isa = PBXFrameworksBuildPhase;
			buildActionMask = 2147483647;
			files = (
				3C4C088E2E9945640038CFA2 /* libbass.dylib in Frameworks */,
			);
			runOnlyForDeploymentPostprocessing = 0;
		};
		3C504A43266681B10084D37F /* Frameworks */ = {
			isa = PBXFrameworksBuildPhase;
			buildActionMask = 2147483647;
			files = (
				3C4C08852E9945640038CFA2 /* libbass.dylib in Frameworks */,
			);
			runOnlyForDeploymentPostprocessing = 0;
		};
		3C504A55266681E70084D37F /* Frameworks */ = {
			isa = PBXFrameworksBuildPhase;
			buildActionMask = 2147483647;
			files = (
				3C4C08902E9945640038CFA2 /* libbass.dylib in Frameworks */,
			);
			runOnlyForDeploymentPostprocessing = 0;
		};
		3C504A69266682050084D37F /* Frameworks */ = {
			isa = PBXFrameworksBuildPhase;
			buildActionMask = 2147483647;
			files = (
				3C4C08862E9945640038CFA2 /* libbass.dylib in Frameworks */,
			);
			runOnlyForDeploymentPostprocessing = 0;
		};
		3C504A8F266683900084D37F /* Frameworks */ = {
			isa = PBXFrameworksBuildPhase;
			buildActionMask = 2147483647;
			files = (
				3C4C08872E9945640038CFA2 /* libbass.dylib in Frameworks */,
			);
			runOnlyForDeploymentPostprocessing = 0;
		};
		3C504AC02666841F0084D37F /* Frameworks */ = {
			isa = PBXFrameworksBuildPhase;
			buildActionMask = 2147483647;
			files = (
				3C4C088A2E9945640038CFA2 /* libbass.dylib in Frameworks */,
			);
			runOnlyForDeploymentPostprocessing = 0;
		};
		3C504AF22666845D0084D37F /* Frameworks */ = {
			isa = PBXFrameworksBuildPhase;
			buildActionMask = 2147483647;
			files = (
				3C4C088B2E9945640038CFA2 /* libbass.dylib in Frameworks */,
			);
			runOnlyForDeploymentPostprocessing = 0;
		};
		3C504B29266684990084D37F /* Frameworks */ = {
			isa = PBXFrameworksBuildPhase;
			buildActionMask = 2147483647;
			files = (
				3C4C088D2E9945640038CFA2 /* libbass.dylib in Frameworks */,
			);
			runOnlyForDeploymentPostprocessing = 0;
		};
		3C504B65266684D50084D37F /* Frameworks */ = {
			isa = PBXFrameworksBuildPhase;
			buildActionMask = 2147483647;
			files = (
				3C4C088F2E9945640038CFA2 /* libbass.dylib in Frameworks */,
			);
			runOnlyForDeploymentPostprocessing = 0;
		};
		3C5056A926F2371E0084D37F /* Frameworks */ = {
			isa = PBXFrameworksBuildPhase;
			buildActionMask = 2147483647;
			files = (
				3C4C08892E9945640038CFA2 /* libbass.dylib in Frameworks */,
			);
			runOnlyForDeploymentPostprocessing = 0;
		};
/* End PBXFrameworksBuildPhase section */

/* Begin PBXGroup section */
		3C254F5224BFA2AC00E5137E = {
			isa = PBXGroup;
			children = (
				3C504A3C2666817A0084D37F /* contest */,
				3C504A4E266681D60084D37F /* devlist */,
				3C504A7A2666828A0084D37F /* dsptest */,
				3C504AA0266683BB0084D37F /* fxtest */,
				3C27C2A8266C3D1B00CBBCA4 /* livespec */,
				3C5056CE26F237720084D37F /* multi */,
				3C504AD7266684440084D37F /* netradio */,
				3C504B0C266684840084D37F /* plugins */,
				3C579F7E2572F98800D2145B /* rectest */,
				3C504B46266684BD0084D37F /* speakers */,
				3C27C2C9266C3D6300CBBCA4 /* spectrum */,
				3C504B85266685060084D37F /* synth */,
				3C504A60266682010084D37F /* writewav */,
				3C254F5C24BFA2AC00E5137E /* Products */,
				3C254FCE24BFB5BE00E5137E /* Frameworks */,
			);
			sourceTree = "<group>";
		};
		3C254F5C24BFA2AC00E5137E /* Products */ = {
			isa = PBXGroup;
			children = (
				3C254F5B24BFA2AC00E5137E /* contest */,
				3C504A4B266681B10084D37F /* devlist */,
				3C504A72266682050084D37F /* dsptest.app */,
				3C504A98266683900084D37F /* fxtest.app */,
				3C27C2A6266C3CD600CBBCA4 /* livespec.app */,
				3C5056B226F2371E0084D37F /* multi.app */,
				3C504AC92666841F0084D37F /* netradio.app */,
				3C504AFB2666845D0084D37F /* plugins.app */,
				3C254F8124BFA40D00E5137E /* rectest.app */,
				3C504B32266684990084D37F /* speakers.app */,
				3C27C2C7266C3D2700CBBCA4 /* spectrum.app */,
				3C504B6E266684D50084D37F /* synth.app */,
				3C504A5D266681E70084D37F /* writewav */,
			);
			name = Products;
			sourceTree = "<group>";
		};
		3C254FCE24BFB5BE00E5137E /* Frameworks */ = {
			isa = PBXGroup;
			children = (
				3C4C08832E9945640038CFA2 /* libbass.dylib */,
			);
			name = Frameworks;
			sourceTree = "<group>";
		};
		3C27C2A8266C3D1B00CBBCA4 /* livespec */ = {
			isa = PBXGroup;
			children = (
				3C27C2A9266C3D1B00CBBCA4 /* AppDelegate.h */,
				3C27C2AE266C3D1B00CBBCA4 /* AppDelegate.m */,
				3C27C2AF266C3D1B00CBBCA4 /* Info.plist */,
				3C27C2AD266C3D1B00CBBCA4 /* main.m */,
				3C27C2AB266C3D1B00CBBCA4 /* Main.storyboard */,
				3C27C2B0266C3D1B00CBBCA4 /* ViewController.h */,
				3C27C2AA266C3D1B00CBBCA4 /* ViewController.m */,
			);
			path = livespec;
			sourceTree = "<group>";
		};
		3C27C2C9266C3D6300CBBCA4 /* spectrum */ = {
			isa = PBXGroup;
			children = (
				3C27C2CA266C3D6300CBBCA4 /* AppDelegate.h */,
				3C27C2CF266C3D6300CBBCA4 /* AppDelegate.m */,
				3C27C2D0266C3D6300CBBCA4 /* Info.plist */,
				3C27C2CE266C3D6300CBBCA4 /* main.m */,
				3C27C2CC266C3D6300CBBCA4 /* Main.storyboard */,
				3C27C2D1266C3D6300CBBCA4 /* ViewController.h */,
				3C27C2CB266C3D6300CBBCA4 /* ViewController.m */,
			);
			path = spectrum;
			sourceTree = "<group>";
		};
		3C504A3C2666817A0084D37F /* contest */ = {
			isa = PBXGroup;
			children = (
				3C504A3D2666817B0084D37F /* contest.c */,
			);
			path = contest;
			sourceTree = "<group>";
		};
		3C504A4E266681D60084D37F /* devlist */ = {
			isa = PBXGroup;
			children = (
				3C504A4F266681D60084D37F /* devlist.c */,
			);
			path = devlist;
			sourceTree = "<group>";
		};
		3C504A60266682010084D37F /* writewav */ = {
			isa = PBXGroup;
			children = (
				3C504A61266682010084D37F /* writewav.c */,
			);
			path = writewav;
			sourceTree = "<group>";
		};
		3C504A7A2666828A0084D37F /* dsptest */ = {
			isa = PBXGroup;
			children = (
				3C504A7B2666828A0084D37F /* AppDelegate.h */,
				3C504A802666828A0084D37F /* AppDelegate.m */,
				3C504A812666828A0084D37F /* Info.plist */,
				3C504A7F2666828A0084D37F /* main.m */,
				3C504A7D2666828A0084D37F /* Main.storyboard */,
				3C504A822666828A0084D37F /* ViewController.h */,
				3C504A7C2666828A0084D37F /* ViewController.m */,
			);
			path = dsptest;
			sourceTree = "<group>";
		};
		3C504AA0266683BB0084D37F /* fxtest */ = {
			isa = PBXGroup;
			children = (
				3C504AA1266683BB0084D37F /* AppDelegate.h */,
				3C504AA6266683BC0084D37F /* AppDelegate.m */,
				3C504AA7266683BC0084D37F /* Info.plist */,
				3C504AA5266683BC0084D37F /* main.m */,
				3C504AA3266683BC0084D37F /* Main.storyboard */,
				3C504AA8266683BC0084D37F /* ViewController.h */,
				3C504AA2266683BC0084D37F /* ViewController.m */,
			);
			path = fxtest;
			sourceTree = "<group>";
		};
		3C504AD7266684440084D37F /* netradio */ = {
			isa = PBXGroup;
			children = (
				3C504AD8266684440084D37F /* AppDelegate.h */,
				3C504ADD266684440084D37F /* AppDelegate.m */,
				3C504ADE266684440084D37F /* Info.plist */,
				3C504ADC266684440084D37F /* main.m */,
				3C504ADA266684440084D37F /* Main.storyboard */,
				3C504ADF266684440084D37F /* ViewController.h */,
				3C504AD9266684440084D37F /* ViewController.m */,
			);
			path = netradio;
			sourceTree = "<group>";
		};
		3C504B0C266684840084D37F /* plugins */ = {
			isa = PBXGroup;
			children = (
				3C504B0D266684840084D37F /* AppDelegate.h */,
				3C504B12266684840084D37F /* AppDelegate.m */,
				3C504B13266684840084D37F /* Info.plist */,
				3C504B11266684840084D37F /* main.m */,
				3C504B0F266684840084D37F /* Main.storyboard */,
				3C504B14266684840084D37F /* ViewController.h */,
				3C504B0E266684840084D37F /* ViewController.m */,
			);
			path = plugins;
			sourceTree = "<group>";
		};
		3C504B46266684BD0084D37F /* speakers */ = {
			isa = PBXGroup;
			children = (
				3C504B47266684BD0084D37F /* AppDelegate.h */,
				3C504B4C266684BD0084D37F /* AppDelegate.m */,
				3C504B4D266684BD0084D37F /* Info.plist */,
				3C504B4B266684BD0084D37F /* main.m */,
				3C504B49266684BD0084D37F /* Main.storyboard */,
				3C504B4E266684BD0084D37F /* ViewController.h */,
				3C504B48266684BD0084D37F /* ViewController.m */,
			);
			path = speakers;
			sourceTree = "<group>";
		};
		3C504B85266685060084D37F /* synth */ = {
			isa = PBXGroup;
			children = (
				3C504B86266685060084D37F /* AppDelegate.h */,
				3C504B8B266685060084D37F /* AppDelegate.m */,
				3C504B8C266685060084D37F /* Info.plist */,
				3C504B8A266685060084D37F /* main.m */,
				3C504B88266685060084D37F /* Main.storyboard */,
				3C504B8D266685060084D37F /* ViewController.h */,
				3C504B87266685060084D37F /* ViewController.m */,
			);
			path = synth;
			sourceTree = "<group>";
		};
		3C5056CE26F237720084D37F /* multi */ = {
			isa = PBXGroup;
			children = (
				3C5056CF26F237720084D37F /* AppDelegate.h */,
				3C5056D426F237720084D37F /* AppDelegate.m */,
				3C5056D526F237720084D37F /* Info.plist */,
				3C5056D326F237720084D37F /* main.m */,
				3C5056D126F237720084D37F /* Main.storyboard */,
				3C5056D626F237720084D37F /* ViewController.h */,
				3C5056D026F237720084D37F /* ViewController.m */,
			);
			path = multi;
			sourceTree = "<group>";
		};
		3C579F7E2572F98800D2145B /* rectest */ = {
			isa = PBXGroup;
			children = (
				3C579F7F2572F98800D2145B /* AppDelegate.h */,
				3C579F842572F98800D2145B /* AppDelegate.m */,
				3C579F852572F98800D2145B /* Info.plist */,
				3C579F832572F98800D2145B /* main.m */,
				3C579F812572F98800D2145B /* Main.storyboard */,
				3C579F862572F98800D2145B /* ViewController.h */,
				3C579F802572F98800D2145B /* ViewController.m */,
			);
			path = rectest;
			sourceTree = "<group>";
		};
/* End PBXGroup section */

/* Begin PBXNativeTarget section */
		3C254F5A24BFA2AC00E5137E /* contest */ = {
			isa = PBXNativeTarget;
			buildConfigurationList = 3C254F6224BFA2AC00E5137E /* Build configuration list for PBXNativeTarget "contest" */;
			buildPhases = (
				3C254F5724BFA2AC00E5137E /* Sources */,
				3C254F5824BFA2AC00E5137E /* Frameworks */,
				3C4C08922E9945790038CFA2 /* Embed Libraries */,
			);
			buildRules = (
			);
			dependencies = (
			);
			name = contest;
			productName = convert;
			productReference = 3C254F5B24BFA2AC00E5137E /* contest */;
			productType = "com.apple.product-type.tool";
		};
		3C254F8024BFA40D00E5137E /* rectest */ = {
			isa = PBXNativeTarget;
			buildConfigurationList = 3C254F9224BFA40E00E5137E /* Build configuration list for PBXNativeTarget "rectest" */;
			buildPhases = (
				3C254F7D24BFA40D00E5137E /* Sources */,
				3C254F7E24BFA40D00E5137E /* Frameworks */,
				3C254F7F24BFA40D00E5137E /* Resources */,
				3C254FDA24BFB60C00E5137E /* Embed Libraries */,
			);
			buildRules = (
			);
			dependencies = (
			);
			name = rectest;
			productName = rectest;
			productReference = 3C254F8124BFA40D00E5137E /* rectest.app */;
			productType = "com.apple.product-type.application";
		};
		3C27C298266C3CD600CBBCA4 /* livespec */ = {
			isa = PBXNativeTarget;
			buildConfigurationList = 3C27C2A3266C3CD600CBBCA4 /* Build configuration list for PBXNativeTarget "livespec" */;
			buildPhases = (
				3C27C299266C3CD600CBBCA4 /* Sources */,
				3C27C29D266C3CD600CBBCA4 /* Frameworks */,
				3C27C29F266C3CD600CBBCA4 /* Resources */,
				3C27C2A1266C3CD600CBBCA4 /* Embed Libraries */,
			);
			buildRules = (
			);
			dependencies = (
			);
			name = livespec;
			productName = rectest;
			productReference = 3C27C2A6266C3CD600CBBCA4 /* livespec.app */;
			productType = "com.apple.product-type.application";
		};
		3C27C2B9266C3D2700CBBCA4 /* spectrum */ = {
			isa = PBXNativeTarget;
			buildConfigurationList = 3C27C2C4266C3D2700CBBCA4 /* Build configuration list for PBXNativeTarget "spectrum" */;
			buildPhases = (
				3C27C2BA266C3D2700CBBCA4 /* Sources */,
				3C27C2BE266C3D2700CBBCA4 /* Frameworks */,
				3C27C2C0266C3D2700CBBCA4 /* Resources */,
				3C27C2C2266C3D2700CBBCA4 /* Embed Libraries */,
			);
			buildRules = (
			);
			dependencies = (
			);
			name = spectrum;
			productName = rectest;
			productReference = 3C27C2C7266C3D2700CBBCA4 /* spectrum.app */;
			productType = "com.apple.product-type.application";
		};
		3C504A40266681B10084D37F /* devlist */ = {
			isa = PBXNativeTarget;
			buildConfigurationList = 3C504A48266681B10084D37F /* Build configuration list for PBXNativeTarget "devlist" */;
			buildPhases = (
				3C504A41266681B10084D37F /* Sources */,
				3C504A43266681B10084D37F /* Frameworks */,
				3C4C08942E99457C0038CFA2 /* Embed Libraries */,
			);
			buildRules = (
			);
			dependencies = (
			);
			name = devlist;
			productName = convert;
			productReference = 3C504A4B266681B10084D37F /* devlist */;
			productType = "com.apple.product-type.tool";
		};
		3C504A52266681E70084D37F /* writewav */ = {
			isa = PBXNativeTarget;
			buildConfigurationList = 3C504A5A266681E70084D37F /* Build configuration list for PBXNativeTarget "writewav" */;
			buildPhases = (
				3C504A53266681E70084D37F /* Sources */,
				3C504A55266681E70084D37F /* Frameworks */,
				3C4C08A02E9945950038CFA2 /* Embed Libraries */,
			);
			buildRules = (
			);
			dependencies = (
			);
			name = writewav;
			productName = convert;
			productReference = 3C504A5D266681E70084D37F /* writewav */;
			productType = "com.apple.product-type.tool";
		};
		3C504A64266682050084D37F /* dsptest */ = {
			isa = PBXNativeTarget;
			buildConfigurationList = 3C504A6F266682050084D37F /* Build configuration list for PBXNativeTarget "dsptest" */;
			buildPhases = (
				3C504A65266682050084D37F /* Sources */,
				3C504A69266682050084D37F /* Frameworks */,
				3C504A6B266682050084D37F /* Resources */,
				3C20AF7F28EDCC82006E9C07 /* Embed Libraries */,
			);
			buildRules = (
			);
			dependencies = (
			);
			name = dsptest;
			productName = rectest;
			productReference = 3C504A72266682050084D37F /* dsptest.app */;
			productType = "com.apple.product-type.application";
		};
		3C504A8A266683900084D37F /* fxtest */ = {
			isa = PBXNativeTarget;
			buildConfigurationList = 3C504A95266683900084D37F /* Build configuration list for PBXNativeTarget "fxtest" */;
			buildPhases = (
				3C504A8B266683900084D37F /* Sources */,
				3C504A8F266683900084D37F /* Frameworks */,
				3C504A91266683900084D37F /* Resources */,
				3C504A93266683900084D37F /* Embed Libraries */,
			);
			buildRules = (
			);
			dependencies = (
			);
			name = fxtest;
			productName = rectest;
			productReference = 3C504A98266683900084D37F /* fxtest.app */;
			productType = "com.apple.product-type.application";
		};
		3C504ABB2666841F0084D37F /* netradio */ = {
			isa = PBXNativeTarget;
			buildConfigurationList = 3C504AC62666841F0084D37F /* Build configuration list for PBXNativeTarget "netradio" */;
			buildPhases = (
				3C504ABC2666841F0084D37F /* Sources */,
				3C504AC02666841F0084D37F /* Frameworks */,
				3C504AC22666841F0084D37F /* Resources */,
				3C504AC42666841F0084D37F /* Embed Libraries */,
			);
			buildRules = (
			);
			dependencies = (
			);
			name = netradio;
			productName = rectest;
			productReference = 3C504AC92666841F0084D37F /* netradio.app */;
			productType = "com.apple.product-type.application";
		};
		3C504AED2666845D0084D37F /* plugins */ = {
			isa = PBXNativeTarget;
			buildConfigurationList = 3C504AF82666845D0084D37F /* Build configuration list for PBXNativeTarget "plugins" */;
			buildPhases = (
				3C504AEE2666845D0084D37F /* Sources */,
				3C504AF22666845D0084D37F /* Frameworks */,
				3C504AF42666845D0084D37F /* Resources */,
				3C504AF62666845D0084D37F /* Embed Libraries */,
			);
			buildRules = (
			);
			dependencies = (
			);
			name = plugins;
			productName = rectest;
			productReference = 3C504AFB2666845D0084D37F /* plugins.app */;
			productType = "com.apple.product-type.application";
		};
		3C504B24266684990084D37F /* speakers */ = {
			isa = PBXNativeTarget;
			buildConfigurationList = 3C504B2F266684990084D37F /* Build configuration list for PBXNativeTarget "speakers" */;
			buildPhases = (
				3C504B25266684990084D37F /* Sources */,
				3C504B29266684990084D37F /* Frameworks */,
				3C504B2B266684990084D37F /* Resources */,
				3C504B2D266684990084D37F /* Embed Libraries */,
			);
			buildRules = (
			);
			dependencies = (
			);
			name = speakers;
			productName = rectest;
			productReference = 3C504B32266684990084D37F /* speakers.app */;
			productType = "com.apple.product-type.application";
		};
		3C504B60266684D50084D37F /* synth */ = {
			isa = PBXNativeTarget;
			buildConfigurationList = 3C504B6B266684D50084D37F /* Build configuration list for PBXNativeTarget "synth" */;
			buildPhases = (
				3C504B61266684D50084D37F /* Sources */,
				3C504B65266684D50084D37F /* Frameworks */,
				3C504B67266684D50084D37F /* Resources */,
				3C504B69266684D50084D37F /* Embed Libraries */,
			);
			buildRules = (
			);
			dependencies = (
			);
			name = synth;
			productName = rectest;
			productReference = 3C504B6E266684D50084D37F /* synth.app */;
			productType = "com.apple.product-type.application";
		};
		3C5056A426F2371E0084D37F /* multi */ = {
			isa = PBXNativeTarget;
			buildConfigurationList = 3C5056AF26F2371E0084D37F /* Build configuration list for PBXNativeTarget "multi" */;
			buildPhases = (
				3C5056A526F2371E0084D37F /* Sources */,
				3C5056A926F2371E0084D37F /* Frameworks */,
				3C5056AB26F2371E0084D37F /* Resources */,
				3C5056AD26F2371E0084D37F /* Embed Libraries */,
			);
			buildRules = (
			);
			dependencies = (
			);
			name = multi;
			productName = rectest;
			productReference = 3C5056B226F2371E0084D37F /* multi.app */;
			productType = "com.apple.product-type.application";
		};
/* End PBXNativeTarget section */

/* Begin PBXProject section */
		3C254F5324BFA2AC00E5137E /* Project object */ = {
			isa = PBXProject;
			attributes = {
			};
			buildConfigurationList = 3C254F5624BFA2AC00E5137E /* Build configuration list for PBXProject "bass" */;
			compatibilityVersion = "Xcode 6.3";
			developmentRegion = en;
			hasScannedForEncodings = 0;
			knownRegions = (
				en,
				Base,
			);
			mainGroup = 3C254F5224BFA2AC00E5137E;
			productRefGroup = 3C254F5C24BFA2AC00E5137E /* Products */;
			projectDirPath = "";
			projectRoot = "";
			targets = (
				3C254F5A24BFA2AC00E5137E /* contest */,
				3C504A40266681B10084D37F /* devlist */,
				3C504A64266682050084D37F /* dsptest */,
				3C504A8A266683900084D37F /* fxtest */,
				3C27C298266C3CD600CBBCA4 /* livespec */,
				3C5056A426F2371E0084D37F /* multi */,
				3C504ABB2666841F0084D37F /* netradio */,
				3C504AED2666845D0084D37F /* plugins */,
				3C254F8024BFA40D00E5137E /* rectest */,
				3C504B24266684990084D37F /* speakers */,
				3C27C2B9266C3D2700CBBCA4 /* spectrum */,
				3C504B60266684D50084D37F /* synth */,
				3C504A52266681E70084D37F /* writewav */,
			);
		};
/* End PBXProject section */

/* Begin PBXResourcesBuildPhase section */
		3C254F7F24BFA40D00E5137E /* Resources */ = {
			isa = PBXResourcesBuildPhase;
			buildActionMask = 2147483647;
			files = (
				3C579FDD2572FB0A00D2145B /* Main.storyboard in Resources */,
			);
			runOnlyForDeploymentPostprocessing = 0;
		};
		3C27C29F266C3CD600CBBCA4 /* Resources */ = {
			isa = PBXResourcesBuildPhase;
			buildActionMask = 2147483647;
			files = (
				3C27C2B3266C3D1B00CBBCA4 /* Main.storyboard in Resources */,
			);
			runOnlyForDeploymentPostprocessing = 0;
		};
		3C27C2C0266C3D2700CBBCA4 /* Resources */ = {
			isa = PBXResourcesBuildPhase;
			buildActionMask = 2147483647;
			files = (
				3C27C2D4266C3D6300CBBCA4 /* Main.storyboard in Resources */,
			);
			runOnlyForDeploymentPostprocessing = 0;
		};
		3C504A6B266682050084D37F /* Resources */ = {
			isa = PBXResourcesBuildPhase;
			buildActionMask = 2147483647;
			files = (
				3C504A842666828A0084D37F /* Main.storyboard in Resources */,
			);
			runOnlyForDeploymentPostprocessing = 0;
		};
		3C504A91266683900084D37F /* Resources */ = {
			isa = PBXResourcesBuildPhase;
			buildActionMask = 2147483647;
			files = (
				3C504AB7266683F60084D37F /* Main.storyboard in Resources */,
			);
			runOnlyForDeploymentPostprocessing = 0;
		};
		3C504AC22666841F0084D37F /* Resources */ = {
			isa = PBXResourcesBuildPhase;
			buildActionMask = 2147483647;
			files = (
				3C504AE1266684440084D37F /* Main.storyboard in Resources */,
			);
			runOnlyForDeploymentPostprocessing = 0;
		};
		3C504AF42666845D0084D37F /* Resources */ = {
			isa = PBXResourcesBuildPhase;
			buildActionMask = 2147483647;
			files = (
				3C504B16266684840084D37F /* Main.storyboard in Resources */,
			);
			runOnlyForDeploymentPostprocessing = 0;
		};
		3C504B2B266684990084D37F /* Resources */ = {
			isa = PBXResourcesBuildPhase;
			buildActionMask = 2147483647;
			files = (
				3C504B50266684BD0084D37F /* Main.storyboard in Resources */,
			);
			runOnlyForDeploymentPostprocessing = 0;
		};
		3C504B67266684D50084D37F /* Resources */ = {
			isa = PBXResourcesBuildPhase;
			buildActionMask = 2147483647;
			files = (
				3C504B8F266685060084D37F /* Main.storyboard in Resources */,
			);
			runOnlyForDeploymentPostprocessing = 0;
		};
		3C5056AB26F2371E0084D37F /* Resources */ = {
			isa = PBXResourcesBuildPhase;
			buildActionMask = 2147483647;
			files = (
				3C5056F626F237870084D37F /* Main.storyboard in Resources */,
			);
			runOnlyForDeploymentPostprocessing = 0;
		};
/* End PBXResourcesBuildPhase section */

/* Begin PBXSourcesBuildPhase section */
		3C254F5724BFA2AC00E5137E /* Sources */ = {
			isa = PBXSourcesBuildPhase;
			buildActionMask = 2147483647;
			files = (
				3C504A3E2666817B0084D37F /* contest.c in Sources */,
			);
			runOnlyForDeploymentPostprocessing = 0;
		};
		3C254F7D24BFA40D00E5137E /* Sources */ = {
			isa = PBXSourcesBuildPhase;
			buildActionMask = 2147483647;
			files = (
				3C579FAF2572FAD400D2145B /* main.m in Sources */,
				3C579FB22572FAD700D2145B /* AppDelegate.m in Sources */,
				3C579FAC2572FAD200D2145B /* ViewController.m in Sources */,
			);
			runOnlyForDeploymentPostprocessing = 0;
		};
		3C27C299266C3CD600CBBCA4 /* Sources */ = {
			isa = PBXSourcesBuildPhase;
			buildActionMask = 2147483647;
			files = (
				3C27C2B5266C3D1B00CBBCA4 /* main.m in Sources */,
				3C27C2B2266C3D1B00CBBCA4 /* ViewController.m in Sources */,
				3C27C2B7266C3D1B00CBBCA4 /* AppDelegate.m in Sources */,
			);
			runOnlyForDeploymentPostprocessing = 0;
		};
		3C27C2BA266C3D2700CBBCA4 /* Sources */ = {
			isa = PBXSourcesBuildPhase;
			buildActionMask = 2147483647;
			files = (
				3C27C2D6266C3D6300CBBCA4 /* main.m in Sources */,
				3C27C2D3266C3D6300CBBCA4 /* ViewController.m in Sources */,
				3C27C2D8266C3D6300CBBCA4 /* AppDelegate.m in Sources */,
			);
			runOnlyForDeploymentPostprocessing = 0;
		};
		3C504A41266681B10084D37F /* Sources */ = {
			isa = PBXSourcesBuildPhase;
			buildActionMask = 2147483647;
			files = (
				3C504A50266681D60084D37F /* devlist.c in Sources */,
			);
			runOnlyForDeploymentPostprocessing = 0;
		};
		3C504A53266681E70084D37F /* Sources */ = {
			isa = PBXSourcesBuildPhase;
			buildActionMask = 2147483647;
			files = (
				3C504A62266682010084D37F /* writewav.c in Sources */,
			);
			runOnlyForDeploymentPostprocessing = 0;
		};
		3C504A65266682050084D37F /* Sources */ = {
			isa = PBXSourcesBuildPhase;
			buildActionMask = 2147483647;
			files = (
				3C504A852666828A0084D37F /* main.m in Sources */,
				3C504A832666828A0084D37F /* ViewController.m in Sources */,
				3C504A862666828A0084D37F /* AppDelegate.m in Sources */,
			);
			runOnlyForDeploymentPostprocessing = 0;
		};
		3C504A8B266683900084D37F /* Sources */ = {
			isa = PBXSourcesBuildPhase;
			buildActionMask = 2147483647;
			files = (
				3C504AAB266683BC0084D37F /* main.m in Sources */,
				3C504AA9266683BC0084D37F /* ViewController.m in Sources */,
				3C504AAC266683BC0084D37F /* AppDelegate.m in Sources */,
			);
			runOnlyForDeploymentPostprocessing = 0;
		};
		3C504ABC2666841F0084D37F /* Sources */ = {
			isa = PBXSourcesBuildPhase;
			buildActionMask = 2147483647;
			files = (
				3C504AE2266684440084D37F /* main.m in Sources */,
				3C504AE0266684440084D37F /* ViewController.m in Sources */,
				3C504AE3266684440084D37F /* AppDelegate.m in Sources */,
			);
			runOnlyForDeploymentPostprocessing = 0;
		};
		3C504AEE2666845D0084D37F /* Sources */ = {
			isa = PBXSourcesBuildPhase;
			buildActionMask = 2147483647;
			files = (
				3C504B17266684840084D37F /* main.m in Sources */,
				3C504B15266684840084D37F /* ViewController.m in Sources */,
				3C504B18266684840084D37F /* AppDelegate.m in Sources */,
			);
			runOnlyForDeploymentPostprocessing = 0;
		};
		3C504B25266684990084D37F /* Sources */ = {
			isa = PBXSourcesBuildPhase;
			buildActionMask = 2147483647;
			files = (
				3C504B51266684BD0084D37F /* main.m in Sources */,
				3C504B4F266684BD0084D37F /* ViewController.m in Sources */,
				3C504B52266684BD0084D37F /* AppDelegate.m in Sources */,
			);
			runOnlyForDeploymentPostprocessing = 0;
		};
		3C504B61266684D50084D37F /* Sources */ = {
			isa = PBXSourcesBuildPhase;
			buildActionMask = 2147483647;
			files = (
				3C504B90266685060084D37F /* main.m in Sources */,
				3C504B8E266685060084D37F /* ViewController.m in Sources */,
				3C504B91266685060084D37F /* AppDelegate.m in Sources */,
			);
			runOnlyForDeploymentPostprocessing = 0;
		};
		3C5056A526F2371E0084D37F /* Sources */ = {
			isa = PBXSourcesBuildPhase;
			buildActionMask = 2147483647;
			files = (
				3C5056D926F237720084D37F /* main.m in Sources */,
				3C5056D726F237720084D37F /* ViewController.m in Sources */,
				3C5056DA26F237720084D37F /* AppDelegate.m in Sources */,
			);
			runOnlyForDeploymentPostprocessing = 0;
		};
/* End PBXSourcesBuildPhase section */

/* Begin PBXVariantGroup section */
		3C27C2AB266C3D1B00CBBCA4 /* Main.storyboard */ = {
			isa = PBXVariantGroup;
			children = (
				3C27C2AC266C3D1B00CBBCA4 /* Base */,
			);
			name = Main.storyboard;
			sourceTree = "<group>";
		};
		3C27C2CC266C3D6300CBBCA4 /* Main.storyboard */ = {
			isa = PBXVariantGroup;
			children = (
				3C27C2CD266C3D6300CBBCA4 /* Base */,
			);
			name = Main.storyboard;
			sourceTree = "<group>";
		};
		3C504A7D2666828A0084D37F /* Main.storyboard */ = {
			isa = PBXVariantGroup;
			children = (
				3C504A7E2666828A0084D37F /* Base */,
			);
			name = Main.storyboard;
			sourceTree = "<group>";
		};
		3C504AA3266683BC0084D37F /* Main.storyboard */ = {
			isa = PBXVariantGroup;
			children = (
				3C504AA4266683BC0084D37F /* Base */,
			);
			name = Main.storyboard;
			sourceTree = "<group>";
		};
		3C504ADA266684440084D37F /* Main.storyboard */ = {
			isa = PBXVariantGroup;
			children = (
				3C504ADB266684440084D37F /* Base */,
			);
			name = Main.storyboard;
			sourceTree = "<group>";
		};
		3C504B0F266684840084D37F /* Main.storyboard */ = {
			isa = PBXVariantGroup;
			children = (
				3C504B10266684840084D37F /* Base */,
			);
			name = Main.storyboard;
			sourceTree = "<group>";
		};
		3C504B49266684BD0084D37F /* Main.storyboard */ = {
			isa = PBXVariantGroup;
			children = (
				3C504B4A266684BD0084D37F /* Base */,
			);
			name = Main.storyboard;
			sourceTree = "<group>";
		};
		3C504B88266685060084D37F /* Main.storyboard */ = {
			isa = PBXVariantGroup;
			children = (
				3C504B89266685060084D37F /* Base */,
			);
			name = Main.storyboard;
			sourceTree = "<group>";
		};
		3C5056D126F237720084D37F /* Main.storyboard */ = {
			isa = PBXVariantGroup;
			children = (
				3C5056D226F237720084D37F /* Base */,
			);
			name = Main.storyboard;
			sourceTree = "<group>";
		};
		3C579F812572F98800D2145B /* Main.storyboard */ = {
			isa = PBXVariantGroup;
			children = (
				3C579F822572F98800D2145B /* Base */,
			);
			name = Main.storyboard;
			sourceTree = "<group>";
		};
/* End PBXVariantGroup section */

/* Begin XCBuildConfiguration section */
		3C254F6024BFA2AC00E5137E /* Debug */ = {
			isa = XCBuildConfiguration;
			buildSettings = {
				CLANG_ANALYZER_NONNULL = YES;
				CLANG_ANALYZER_NUMBER_OBJECT_CONVERSION = YES_AGGRESSIVE;
				CLANG_CXX_LANGUAGE_STANDARD = "gnu++14";
				CLANG_CXX_LIBRARY = "libc++";
				CLANG_ENABLE_MODULES = YES;
				CLANG_ENABLE_OBJC_ARC = YES;
				CLANG_ENABLE_OBJC_WEAK = YES;
				CLANG_WARN_BLOCK_CAPTURE_AUTORELEASING = YES;
				CLANG_WARN_BOOL_CONVERSION = YES;
				CLANG_WARN_COMMA = YES;
				CLANG_WARN_CONSTANT_CONVERSION = YES;
				CLANG_WARN_DEPRECATED_OBJC_IMPLEMENTATIONS = YES;
				CLANG_WARN_DIRECT_OBJC_ISA_USAGE = YES_ERROR;
				CLANG_WARN_DOCUMENTATION_COMMENTS = YES;
				CLANG_WARN_EMPTY_BODY = YES;
				CLANG_WARN_ENUM_CONVERSION = YES;
				CLANG_WARN_INFINITE_RECURSION = YES;
				CLANG_WARN_INT_CONVERSION = YES;
				CLANG_WARN_NON_LITERAL_NULL_CONVERSION = YES;
				CLANG_WARN_OBJC_IMPLICIT_RETAIN_SELF = YES;
				CLANG_WARN_OBJC_LITERAL_CONVERSION = YES;
				CLANG_WARN_OBJC_ROOT_CLASS = YES_ERROR;
				CLANG_WARN_RANGE_LOOP_ANALYSIS = YES;
				CLANG_WARN_STRICT_PROTOTYPES = YES;
				CLANG_WARN_SUSPICIOUS_MOVE = YES;
				CLANG_WARN_UNGUARDED_AVAILABILITY = YES_AGGRESSIVE;
				CLANG_WARN_UNREACHABLE_CODE = YES;
				CLANG_WARN__DUPLICATE_METHOD_MATCH = YES;
				CODE_SIGN_IDENTITY = "-";
				COMBINE_HIDPI_IMAGES = YES;
				COPY_PHASE_STRIP = NO;
				DEBUG_INFORMATION_FORMAT = dwarf;
				ENABLE_STRICT_OBJC_MSGSEND = YES;
				ENABLE_TESTABILITY = YES;
				GCC_C_LANGUAGE_STANDARD = gnu11;
				GCC_DYNAMIC_NO_PIC = NO;
				GCC_NO_COMMON_BLOCKS = YES;
				GCC_OPTIMIZATION_LEVEL = 0;
				GCC_PREPROCESSOR_DEFINITIONS = (
					"DEBUG=1",
					"$(inherited)",
				);
				GCC_WARN_64_TO_32_BIT_CONVERSION = YES;
				GCC_WARN_ABOUT_DEPRECATED_FUNCTIONS = NO;
				GCC_WARN_ABOUT_RETURN_TYPE = YES_ERROR;
				GCC_WARN_UNDECLARED_SELECTOR = YES;
				GCC_WARN_UNINITIALIZED_AUTOS = YES_AGGRESSIVE;
				GCC_WARN_UNUSED_FUNCTION = YES;
				GCC_WARN_UNUSED_VARIABLE = YES;
				HEADER_SEARCH_PATHS = .;
				LIBRARY_SEARCH_PATHS = ..;
				ONLY_ACTIVE_ARCH = YES;
				SDKROOT = macosx;
			};
			name = Debug;
		};
		3C254F6124BFA2AC00E5137E /* Release */ = {
			isa = XCBuildConfiguration;
			buildSettings = {
				CLANG_ANALYZER_NONNULL = YES;
				CLANG_ANALYZER_NUMBER_OBJECT_CONVERSION = YES_AGGRESSIVE;
				CLANG_CXX_LANGUAGE_STANDARD = "gnu++14";
				CLANG_CXX_LIBRARY = "libc++";
				CLANG_ENABLE_MODULES = YES;
				CLANG_ENABLE_OBJC_ARC = YES;
				CLANG_ENABLE_OBJC_WEAK = YES;
				CLANG_WARN_BLOCK_CAPTURE_AUTORELEASING = YES;
				CLANG_WARN_BOOL_CONVERSION = YES;
				CLANG_WARN_COMMA = YES;
				CLANG_WARN_CONSTANT_CONVERSION = YES;
				CLANG_WARN_DEPRECATED_OBJC_IMPLEMENTATIONS = YES;
				CLANG_WARN_DIRECT_OBJC_ISA_USAGE = YES_ERROR;
				CLANG_WARN_DOCUMENTATION_COMMENTS = YES;
				CLANG_WARN_EMPTY_BODY = YES;
				CLANG_WARN_ENUM_CONVERSION = YES;
				CLANG_WARN_INFINITE_RECURSION = YES;
				CLANG_WARN_INT_CONVERSION = YES;
				CLANG_WARN_NON_LITERAL_NULL_CONVERSION = YES;
				CLANG_WARN_OBJC_IMPLICIT_RETAIN_SELF = YES;
				CLANG_WARN_OBJC_LITERAL_CONVERSION = YES;
				CLANG_WARN_OBJC_ROOT_CLASS = YES_ERROR;
				CLANG_WARN_RANGE_LOOP_ANALYSIS = YES;
				CLANG_WARN_STRICT_PROTOTYPES = YES;
				CLANG_WARN_SUSPICIOUS_MOVE = YES;
				CLANG_WARN_UNGUARDED_AVAILABILITY = YES_AGGRESSIVE;
				CLANG_WARN_UNREACHABLE_CODE = YES;
				CLANG_WARN__DUPLICATE_METHOD_MATCH = YES;
				CODE_SIGN_IDENTITY = "-";
				COMBINE_HIDPI_IMAGES = YES;
				COPY_PHASE_STRIP = NO;
				DEBUG_INFORMATION_FORMAT = "dwarf-with-dsym";
				ENABLE_NS_ASSERTIONS = NO;
				ENABLE_STRICT_OBJC_MSGSEND = YES;
				GCC_C_LANGUAGE_STANDARD = gnu11;
				GCC_NO_COMMON_BLOCKS = YES;
				GCC_WARN_64_TO_32_BIT_CONVERSION = YES;
				GCC_WARN_ABOUT_DEPRECATED_FUNCTIONS = NO;
				GCC_WARN_ABOUT_RETURN_TYPE = YES_ERROR;
				GCC_WARN_UNDECLARED_SELECTOR = YES;
				GCC_WARN_UNINITIALIZED_AUTOS = YES_AGGRESSIVE;
				GCC_WARN_UNUSED_FUNCTION = YES;
				GCC_WARN_UNUSED_VARIABLE = YES;
				HEADER_SEARCH_PATHS = .;
				LIBRARY_SEARCH_PATHS = ..;
				SDKROOT = macosx;
			};
			name = Release;
		};
		3C254F6324BFA2AC00E5137E /* Debug */ = {
			isa = XCBuildConfiguration;
			buildSettings = {
				LD_RUNPATH_SEARCH_PATHS = "@executable_path";
				PRODUCT_NAME = "$(TARGET_NAME)";
			};
			name = Debug;
		};
		3C254F6424BFA2AC00E5137E /* Release */ = {
			isa = XCBuildConfiguration;
			buildSettings = {
				LD_RUNPATH_SEARCH_PATHS = "@executable_path";
				PRODUCT_NAME = "$(TARGET_NAME)";
			};
			name = Release;
		};
		3C254F9324BFA40E00E5137E /* Debug */ = {
			isa = XCBuildConfiguration;
			buildSettings = {
				INFOPLIST_FILE = rectest/Info.plist;
				LD_RUNPATH_SEARCH_PATHS = "$(inherited) @executable_path/../Frameworks";
				MACOSX_DEPLOYMENT_TARGET = 10.11;
				PRODUCT_BUNDLE_IDENTIFIER = com.yourcompany.rectest;
				PRODUCT_NAME = "$(TARGET_NAME)";
			};
			name = Debug;
		};
		3C254F9424BFA40E00E5137E /* Release */ = {
			isa = XCBuildConfiguration;
			buildSettings = {
				INFOPLIST_FILE = rectest/Info.plist;
				LD_RUNPATH_SEARCH_PATHS = "$(inherited) @executable_path/../Frameworks";
				MACOSX_DEPLOYMENT_TARGET = 10.11;
				PRODUCT_BUNDLE_IDENTIFIER = com.yourcompany.rectest;
				PRODUCT_NAME = "$(TARGET_NAME)";
			};
			name = Release;
		};
		3C27C2A4266C3CD600CBBCA4 /* Debug */ = {
			isa = XCBuildConfiguration;
			buildSettings = {
				INFOPLIST_FILE = livespec/Info.plist;
				LD_RUNPATH_SEARCH_PATHS = "$(inherited) @executable_path/../Frameworks";
				MACOSX_DEPLOYMENT_TARGET = 10.11;
				PRODUCT_BUNDLE_IDENTIFIER = com.yourcompany.livespec;
				PRODUCT_NAME = "$(TARGET_NAME)";
			};
			name = Debug;
		};
		3C27C2A5266C3CD600CBBCA4 /* Release */ = {
			isa = XCBuildConfiguration;
			buildSettings = {
				INFOPLIST_FILE = livespec/Info.plist;
				LD_RUNPATH_SEARCH_PATHS = "$(inherited) @executable_path/../Frameworks";
				MACOSX_DEPLOYMENT_TARGET = 10.11;
				PRODUCT_BUNDLE_IDENTIFIER = com.yourcompany.livespec;
				PRODUCT_NAME = "$(TARGET_NAME)";
			};
			name = Release;
		};
		3C27C2C5266C3D2700CBBCA4 /* Debug */ = {
			isa = XCBuildConfiguration;
			buildSettings = {
				INFOPLIST_FILE = spectrum/Info.plist;
				LD_RUNPATH_SEARCH_PATHS = "$(inherited) @executable_path/../Frameworks";
				MACOSX_DEPLOYMENT_TARGET = 10.11;
				PRODUCT_BUNDLE_IDENTIFIER = com.yourcompany.spectrum;
				PRODUCT_NAME = "$(TARGET_NAME)";
			};
			name = Debug;
		};
		3C27C2C6266C3D2700CBBCA4 /* Release */ = {
			isa = XCBuildConfiguration;
			buildSettings = {
				INFOPLIST_FILE = spectrum/Info.plist;
				LD_RUNPATH_SEARCH_PATHS = "$(inherited) @executable_path/../Frameworks";
				MACOSX_DEPLOYMENT_TARGET = 10.11;
				PRODUCT_BUNDLE_IDENTIFIER = com.yourcompany.spectrum;
				PRODUCT_NAME = "$(TARGET_NAME)";
			};
			name = Release;
		};
		3C504A49266681B10084D37F /* Debug */ = {
			isa = XCBuildConfiguration;
			buildSettings = {
				LD_RUNPATH_SEARCH_PATHS = "@executable_path";
				PRODUCT_NAME = "$(TARGET_NAME)";
			};
			name = Debug;
		};
		3C504A4A266681B10084D37F /* Release */ = {
			isa = XCBuildConfiguration;
			buildSettings = {
				LD_RUNPATH_SEARCH_PATHS = "@executable_path";
				PRODUCT_NAME = "$(TARGET_NAME)";
			};
			name = Release;
		};
		3C504A5B266681E70084D37F /* Debug */ = {
			isa = XCBuildConfiguration;
			buildSettings = {
				LD_RUNPATH_SEARCH_PATHS = "@executable_path";
				PRODUCT_NAME = "$(TARGET_NAME)";
			};
			name = Debug;
		};
		3C504A5C266681E70084D37F /* Release */ = {
			isa = XCBuildConfiguration;
			buildSettings = {
				LD_RUNPATH_SEARCH_PATHS = "@executable_path";
				PRODUCT_NAME = "$(TARGET_NAME)";
			};
			name = Release;
		};
		3C504A70266682050084D37F /* Debug */ = {
			isa = XCBuildConfiguration;
			buildSettings = {
				INFOPLIST_FILE = dsptest/Info.plist;
				LD_RUNPATH_SEARCH_PATHS = "$(inherited) @executable_path/../Frameworks";
				MACOSX_DEPLOYMENT_TARGET = 10.11;
				PRODUCT_BUNDLE_IDENTIFIER = com.yourcompany.dsptest;
				PRODUCT_NAME = "$(TARGET_NAME)";
			};
			name = Debug;
		};
		3C504A71266682050084D37F /* Release */ = {
			isa = XCBuildConfiguration;
			buildSettings = {
				INFOPLIST_FILE = dsptest/Info.plist;
				LD_RUNPATH_SEARCH_PATHS = "$(inherited) @executable_path/../Frameworks";
				MACOSX_DEPLOYMENT_TARGET = 10.11;
				PRODUCT_BUNDLE_IDENTIFIER = com.yourcompany.dsptest;
				PRODUCT_NAME = "$(TARGET_NAME)";
			};
			name = Release;
		};
		3C504A96266683900084D37F /* Debug */ = {
			isa = XCBuildConfiguration;
			buildSettings = {
				INFOPLIST_FILE = fxtest/Info.plist;
				LD_RUNPATH_SEARCH_PATHS = "$(inherited) @executable_path/../Frameworks";
				MACOSX_DEPLOYMENT_TARGET = 10.11;
				PRODUCT_BUNDLE_IDENTIFIER = com.yourcompany.fxtest;
				PRODUCT_NAME = "$(TARGET_NAME)";
			};
			name = Debug;
		};
		3C504A97266683900084D37F /* Release */ = {
			isa = XCBuildConfiguration;
			buildSettings = {
				INFOPLIST_FILE = fxtest/Info.plist;
				LD_RUNPATH_SEARCH_PATHS = "$(inherited) @executable_path/../Frameworks";
				MACOSX_DEPLOYMENT_TARGET = 10.11;
				PRODUCT_BUNDLE_IDENTIFIER = com.yourcompany.fxtest;
				PRODUCT_NAME = "$(TARGET_NAME)";
			};
			name = Release;
		};
		3C504AC72666841F0084D37F /* Debug */ = {
			isa = XCBuildConfiguration;
			buildSettings = {
				INFOPLIST_FILE = netradio/Info.plist;
				LD_RUNPATH_SEARCH_PATHS = "$(inherited) @executable_path/../Frameworks";
				MACOSX_DEPLOYMENT_TARGET = 10.11;
				PRODUCT_BUNDLE_IDENTIFIER = com.yourcompany.netradio;
				PRODUCT_NAME = "$(TARGET_NAME)";
			};
			name = Debug;
		};
		3C504AC82666841F0084D37F /* Release */ = {
			isa = XCBuildConfiguration;
			buildSettings = {
				INFOPLIST_FILE = netradio/Info.plist;
				LD_RUNPATH_SEARCH_PATHS = "$(inherited) @executable_path/../Frameworks";
				MACOSX_DEPLOYMENT_TARGET = 10.11;
				PRODUCT_BUNDLE_IDENTIFIER = com.yourcompany.netradio;
				PRODUCT_NAME = "$(TARGET_NAME)";
			};
			name = Release;
		};
		3C504AF92666845D0084D37F /* Debug */ = {
			isa = XCBuildConfiguration;
			buildSettings = {
				INFOPLIST_FILE = plugins/Info.plist;
				LD_RUNPATH_SEARCH_PATHS = "$(inherited) @executable_path/../Frameworks";
				MACOSX_DEPLOYMENT_TARGET = 10.11;
				PRODUCT_BUNDLE_IDENTIFIER = com.yourcompany.plugins;
				PRODUCT_NAME = "$(TARGET_NAME)";
			};
			name = Debug;
		};
		3C504AFA2666845D0084D37F /* Release */ = {
			isa = XCBuildConfiguration;
			buildSettings = {
				INFOPLIST_FILE = plugins/Info.plist;
				LD_RUNPATH_SEARCH_PATHS = "$(inherited) @executable_path/../Frameworks";
				MACOSX_DEPLOYMENT_TARGET = 10.11;
				PRODUCT_BUNDLE_IDENTIFIER = com.yourcompany.plugins;
				PRODUCT_NAME = "$(TARGET_NAME)";
			};
			name = Release;
		};
		3C504B30266684990084D37F /* Debug */ = {
			isa = XCBuildConfiguration;
			buildSettings = {
				INFOPLIST_FILE = speakers/Info.plist;
				LD_RUNPATH_SEARCH_PATHS = "$(inherited) @executable_path/../Frameworks";
				MACOSX_DEPLOYMENT_TARGET = 10.11;
				PRODUCT_BUNDLE_IDENTIFIER = com.yourcompany.speakers;
				PRODUCT_NAME = "$(TARGET_NAME)";
			};
			name = Debug;
		};
		3C504B31266684990084D37F /* Release */ = {
			isa = XCBuildConfiguration;
			buildSettings = {
				INFOPLIST_FILE = speakers/Info.plist;
				LD_RUNPATH_SEARCH_PATHS = "$(inherited) @executable_path/../Frameworks";
				MACOSX_DEPLOYMENT_TARGET = 10.11;
				PRODUCT_BUNDLE_IDENTIFIER = com.yourcompany.speakers;
				PRODUCT_NAME = "$(TARGET_NAME)";
			};
			name = Release;
		};
		3C504B6C266684D50084D37F /* Debug */ = {
			isa = XCBuildConfiguration;
			buildSettings = {
				INFOPLIST_FILE = synth/Info.plist;
				LD_RUNPATH_SEARCH_PATHS = "$(inherited) @executable_path/../Frameworks";
				MACOSX_DEPLOYMENT_TARGET = 10.11;
				PRODUCT_BUNDLE_IDENTIFIER = com.yourcompany.synth;
				PRODUCT_NAME = "$(TARGET_NAME)";
			};
			name = Debug;
		};
		3C504B6D266684D50084D37F /* Release */ = {
			isa = XCBuildConfiguration;
			buildSettings = {
				INFOPLIST_FILE = synth/Info.plist;
				LD_RUNPATH_SEARCH_PATHS = "$(inherited) @executable_path/../Frameworks";
				MACOSX_DEPLOYMENT_TARGET = 10.11;
				PRODUCT_BUNDLE_IDENTIFIER = com.yourcompany.synth;
				PRODUCT_NAME = "$(TARGET_NAME)";
			};
			name = Release;
		};
		3C5056B026F2371E0084D37F /* Debug */ = {
			isa = XCBuildConfiguration;
			buildSettings = {
				INFOPLIST_FILE = multi/Info.plist;
				LD_RUNPATH_SEARCH_PATHS = "$(inherited) @executable_path/../Frameworks";
				MACOSX_DEPLOYMENT_TARGET = 10.11;
				PRODUCT_BUNDLE_IDENTIFIER = com.yourcompany.multi;
				PRODUCT_NAME = "$(TARGET_NAME)";
			};
			name = Debug;
		};
		3C5056B126F2371E0084D37F /* Release */ = {
			isa = XCBuildConfiguration;
			buildSettings = {
				INFOPLIST_FILE = multi/Info.plist;
				LD_RUNPATH_SEARCH_PATHS = "$(inherited) @executable_path/../Frameworks";
				MACOSX_DEPLOYMENT_TARGET = 10.11;
				PRODUCT_BUNDLE_IDENTIFIER = com.yourcompany.multi;
				PRODUCT_NAME = "$(TARGET_NAME)";
			};
			name = Release;
		};
/* End XCBuildConfiguration section */

/* Begin XCConfigurationList section */
		3C254F5624BFA2AC00E5137E /* Build configuration list for PBXProject "bass" */ = {
			isa = XCConfigurationList;
			buildConfigurations = (
				3C254F6024BFA2AC00E5137E /* Debug */,
				3C254F6124BFA2AC00E5137E /* Release */,
			);
			defaultConfigurationIsVisible = 0;
			defaultConfigurationName = Release;
		};
		3C254F6224BFA2AC00E5137E /* Build configuration list for PBXNativeTarget "contest" */ = {
			isa = XCConfigurationList;
			buildConfigurations = (
				3C254F6324BFA2AC00E5137E /* Debug */,
				3C254F6424BFA2AC00E5137E /* Release */,
			);
			defaultConfigurationIsVisible = 0;
			defaultConfigurationName = Release;
		};
		3C254F9224BFA40E00E5137E /* Build configuration list for PBXNativeTarget "rectest" */ = {
			isa = XCConfigurationList;
			buildConfigurations = (
				3C254F9324BFA40E00E5137E /* Debug */,
				3C254F9424BFA40E00E5137E /* Release */,
			);
			defaultConfigurationIsVisible = 0;
			defaultConfigurationName = Release;
		};
		3C27C2A3266C3CD600CBBCA4 /* Build configuration list for PBXNativeTarget "livespec" */ = {
			isa = XCConfigurationList;
			buildConfigurations = (
				3C27C2A4266C3CD600CBBCA4 /* Debug */,
				3C27C2A5266C3CD600CBBCA4 /* Release */,
			);
			defaultConfigurationIsVisible = 0;
			defaultConfigurationName = Release;
		};
		3C27C2C4266C3D2700CBBCA4 /* Build configuration list for PBXNativeTarget "spectrum" */ = {
			isa = XCConfigurationList;
			buildConfigurations = (
				3C27C2C5266C3D2700CBBCA4 /* Debug */,
				3C27C2C6266C3D2700CBBCA4 /* Release */,
			);
			defaultConfigurationIsVisible = 0;
			defaultConfigurationName = Release;
		};
		3C504A48266681B10084D37F /* Build configuration list for PBXNativeTarget "devlist" */ = {
			isa = XCConfigurationList;
			buildConfigurations = (
				3C504A49266681B10084D37F /* Debug */,
				3C504A4A266681B10084D37F /* Release */,
			);
			defaultConfigurationIsVisible = 0;
			defaultConfigurationName = Release;
		};
		3C504A5A266681E70084D37F /* Build configuration list for PBXNativeTarget "writewav" */ = {
			isa = XCConfigurationList;
			buildConfigurations = (
				3C504A5B266681E70084D37F /* Debug */,
				3C504A5C266681E70084D37F /* Release */,
			);
			defaultConfigurationIsVisible = 0;
			defaultConfigurationName = Release;
		};
		3C504A6F266682050084D37F /* Build configuration list for PBXNativeTarget "dsptest" */ = {
			isa = XCConfigurationList;
			buildConfigurations = (
				3C504A70266682050084D37F /* Debug */,
				3C504A71266682050084D37F /* Release */,
			);
			defaultConfigurationIsVisible = 0;
			defaultConfigurationName = Release;
		};
		3C504A95266683900084D37F /* Build configuration list for PBXNativeTarget "fxtest" */ = {
			isa = XCConfigurationList;
			buildConfigurations = (
				3C504A96266683900084D37F /* Debug */,
				3C504A97266683900084D37F /* Release */,
			);
			defaultConfigurationIsVisible = 0;
			defaultConfigurationName = Release;
		};
		3C504AC62666841F0084D37F /* Build configuration list for PBXNativeTarget "netradio" */ = {
			isa = XCConfigurationList;
			buildConfigurations = (
				3C504AC72666841F0084D37F /* Debug */,
				3C504AC82666841F0084D37F /* Release */,
			);
			defaultConfigurationIsVisible = 0;
			defaultConfigurationName = Release;
		};
		3C504AF82666845D0084D37F /* Build configuration list for PBXNativeTarget "plugins" */ = {
			isa = XCConfigurationList;
			buildConfigurations = (
				3C504AF92666845D0084D37F /* Debug */,
				3C504AFA2666845D0084D37F /* Release */,
			);
			defaultConfigurationIsVisible = 0;
			defaultConfigurationName = Release;
		};
		3C504B2F266684990084D37F /* Build configuration list for PBXNativeTarget "speakers" */ = {
			isa = XCConfigurationList;
			buildConfigurations = (
				3C504B30266684990084D37F /* Debug */,
				3C504B31266684990084D37F /* Release */,
			);
			defaultConfigurationIsVisible = 0;
			defaultConfigurationName = Release;
		};
		3C504B6B266684D50084D37F /* Build configuration list for PBXNativeTarget "synth" */ = {
			isa = XCConfigurationList;
			buildConfigurations = (
				3C504B6C266684D50084D37F /* Debug */,
				3C504B6D266684D50084D37F /* Release */,
			);
			defaultConfigurationIsVisible = 0;
			defaultConfigurationName = Release;
		};
		3C5056AF26F2371E0084D37F /* Build configuration list for PBXNativeTarget "multi" */ = {
			isa = XCConfigurationList;
			buildConfigurations = (
				3C5056B026F2371E0084D37F /* Debug */,
				3C5056B126F2371E0084D37F /* Release */,
			);
			defaultConfigurationIsVisible = 0;
			defaultConfigurationName = Release;
		};
/* End XCConfigurationList section */
	};
	rootObject = 3C254F5324BFA2AC00E5137E /* Project object */;
}
